Microsoft Visual Studio Solution File, Format Version 12.00
# Visual Studio 14
VisualStudioVersion = 14.0.25420.1
MinimumVisualStudioVersion = 10.0.40219.1
Project("{FAE04EC0-301F-11D3-BF4B-00C04F79EFBC}") = "ShareSpecial.Droid", "ShareSpecial\ShareSpecial.Droid\ShareSpecial.Droid.csproj", "{6A0D3978-CDFA-4DE7-AD1F-C18D2C3B2E02}"
EndProject
Project("{FAE04EC0-301F-11D3-BF4B-00C04F79EFBC}") = "ShareSpecial.iOS", "ShareSpecial\ShareSpecial.iOS\ShareSpecial.iOS.csproj", "{47D8FD7C-03AF-461A-9FDE-29A27B3221B7}"
EndProject
Project("{FAE04EC0-301F-11D3-BF4B-00C04F79EFBC}") = "ShareSpecial.WinPhone", "ShareSpecial\ShareSpecial.WinPhone\ShareSpecial.WinPhone.csproj", "{76BE1EF4-470B-4F0B-8927-D67D1D8FE9A5}"
EndProject
Project("{FAE04EC0-301F-11D3-BF4B-00C04F79EFBC}") = "ShareSpecial.UWP", "ShareSpecial\ShareSpecial.UWP\ShareSpecial.UWP.csproj", "{EE52F294-5433-43FE-8E4E-28399D05F3DD}"
EndProject
Project("{FAE04EC0-301F-11D3-BF4B-00C04F79EFBC}") = "ShareSpecial.Windows", "ShareSpecial\ShareSpecial.Windows\ShareSpecial.Windows.csproj", "{6714646B-C7B1-4CA0-9A0A-B3D93D5ED059}"
EndProject
Project("{FAE04EC0-301F-11D3-BF4B-00C04F79EFBC}") = "ShareSpecial", "ShareSpecial\ShareSpecial\ShareSpecial.csproj", "{B80FD49A-0324-4146-B07B-2B029AC94AB3}"
EndProject
Project("{FAE04EC0-301F-11D3-BF4B-00C04F79EFBC}") = "ShareSpecial.Core", "ShareSpecial.Core\ShareSpecial.Core.csproj", "{540ABA29-CE71-43C3-978A-A1C6D6FB4EA3}"
EndProject
Project("{2150E333-8FDC-42A3-9474-1A3956D46DE8}") = "Solution Items", "Solution Items", "{EB802F83-E581-4C4B-9B16-7D00D66C9329}"
	ProjectSection(SolutionItems) = preProject
		GCop.json = GCop.json
	EndProjectSection
EndProject
Project("{FAE04EC0-301F-11D3-BF4B-00C04F79EFBC}") = "ShareSpecial.Model", "ShareSpecial.Model\ShareSpecial.Model.csproj", "{50539ABF-96C0-474E-A0B4-E25BB0B0A6A8}"
EndProject
Project("{FAE04EC0-301F-11D3-BF4B-00C04F79EFBC}") = "ShareSpecial.BusinessEntity", "ShareSpecial.BusinessEntity\ShareSpecial.BusinessEntity.csproj", "{4F64C816-A3BA-449B-8845-C2835B0523C1}"
EndProject
Global
	GlobalSection(SolutionConfigurationPlatforms) = preSolution
		Ad-Hoc|Any CPU = Ad-Hoc|Any CPU
		Ad-Hoc|ARM = Ad-Hoc|ARM
		Ad-Hoc|iPhone = Ad-Hoc|iPhone
		Ad-Hoc|iPhoneSimulator = Ad-Hoc|iPhoneSimulator
		Ad-Hoc|x64 = Ad-Hoc|x64
		Ad-Hoc|x86 = Ad-Hoc|x86
		AppStore|Any CPU = AppStore|Any CPU
		AppStore|ARM = AppStore|ARM
		AppStore|iPhone = AppStore|iPhone
		AppStore|iPhoneSimulator = AppStore|iPhoneSimulator
		AppStore|x64 = AppStore|x64
		AppStore|x86 = AppStore|x86
		Debug|Any CPU = Debug|Any CPU
		Debug|ARM = Debug|ARM
		Debug|iPhone = Debug|iPhone
		Debug|iPhoneSimulator = Debug|iPhoneSimulator
		Debug|x64 = Debug|x64
		Debug|x86 = Debug|x86
		Release|Any CPU = Release|Any CPU
		Release|ARM = Release|ARM
		Release|iPhone = Release|iPhone
		Release|iPhoneSimulator = Release|iPhoneSimulator
		Release|x64 = Release|x64
		Release|x86 = Release|x86
	EndGlobalSection
	GlobalSection(ProjectConfigurationPlatforms) = postSolution
		{6A0D3978-CDFA-4DE7-AD1F-C18D2C3B2E02}.Ad-Hoc|Any CPU.ActiveCfg = Release|Any CPU
		{6A0D3978-CDFA-4DE7-AD1F-C18D2C3B2E02}.Ad-Hoc|Any CPU.Build.0 = Release|Any CPU
		{6A0D3978-CDFA-4DE7-AD1F-C18D2C3B2E02}.Ad-Hoc|Any CPU.Deploy.0 = Release|Any CPU
		{6A0D3978-CDFA-4DE7-AD1F-C18D2C3B2E02}.Ad-Hoc|ARM.ActiveCfg = Release|Any CPU
		{6A0D3978-CDFA-4DE7-AD1F-C18D2C3B2E02}.Ad-Hoc|ARM.Build.0 = Release|Any CPU
		{6A0D3978-CDFA-4DE7-AD1F-C18D2C3B2E02}.Ad-Hoc|ARM.Deploy.0 = Release|Any CPU
		{6A0D3978-CDFA-4DE7-AD1F-C18D2C3B2E02}.Ad-Hoc|iPhone.ActiveCfg = Release|Any CPU
		{6A0D3978-CDFA-4DE7-AD1F-C18D2C3B2E02}.Ad-Hoc|iPhone.Build.0 = Release|Any CPU
		{6A0D3978-CDFA-4DE7-AD1F-C18D2C3B2E02}.Ad-Hoc|iPhone.Deploy.0 = Release|Any CPU
		{6A0D3978-CDFA-4DE7-AD1F-C18D2C3B2E02}.Ad-Hoc|iPhoneSimulator.ActiveCfg = Release|Any CPU
		{6A0D3978-CDFA-4DE7-AD1F-C18D2C3B2E02}.Ad-Hoc|iPhoneSimulator.Build.0 = Release|Any CPU
		{6A0D3978-CDFA-4DE7-AD1F-C18D2C3B2E02}.Ad-Hoc|iPhoneSimulator.Deploy.0 = Release|Any CPU
		{6A0D3978-CDFA-4DE7-AD1F-C18D2C3B2E02}.Ad-Hoc|x64.ActiveCfg = Release|Any CPU
		{6A0D3978-CDFA-4DE7-AD1F-C18D2C3B2E02}.Ad-Hoc|x64.Build.0 = Release|Any CPU
		{6A0D3978-CDFA-4DE7-AD1F-C18D2C3B2E02}.Ad-Hoc|x64.Deploy.0 = Release|Any CPU
		{6A0D3978-CDFA-4DE7-AD1F-C18D2C3B2E02}.Ad-Hoc|x86.ActiveCfg = Release|Any CPU
		{6A0D3978-CDFA-4DE7-AD1F-C18D2C3B2E02}.Ad-Hoc|x86.Build.0 = Release|Any CPU
		{6A0D3978-CDFA-4DE7-AD1F-C18D2C3B2E02}.Ad-Hoc|x86.Deploy.0 = Release|Any CPU
		{6A0D3978-CDFA-4DE7-AD1F-C18D2C3B2E02}.AppStore|Any CPU.ActiveCfg = Release|Any CPU
		{6A0D3978-CDFA-4DE7-AD1F-C18D2C3B2E02}.AppStore|Any CPU.Build.0 = Release|Any CPU
		{6A0D3978-CDFA-4DE7-AD1F-C18D2C3B2E02}.AppStore|Any CPU.Deploy.0 = Release|Any CPU
		{6A0D3978-CDFA-4DE7-AD1F-C18D2C3B2E02}.AppStore|ARM.ActiveCfg = Release|Any CPU
		{6A0D3978-CDFA-4DE7-AD1F-C18D2C3B2E02}.AppStore|ARM.Build.0 = Release|Any CPU
		{6A0D3978-CDFA-4DE7-AD1F-C18D2C3B2E02}.AppStore|ARM.Deploy.0 = Release|Any CPU
		{6A0D3978-CDFA-4DE7-AD1F-C18D2C3B2E02}.AppStore|iPhone.ActiveCfg = Release|Any CPU
		{6A0D3978-CDFA-4DE7-AD1F-C18D2C3B2E02}.AppStore|iPhone.Build.0 = Release|Any CPU
		{6A0D3978-CDFA-4DE7-AD1F-C18D2C3B2E02}.AppStore|iPhone.Deploy.0 = Release|Any CPU
		{6A0D3978-CDFA-4DE7-AD1F-C18D2C3B2E02}.AppStore|iPhoneSimulator.ActiveCfg = Release|Any CPU
		{6A0D3978-CDFA-4DE7-AD1F-C18D2C3B2E02}.AppStore|iPhoneSimulator.Build.0 = Release|Any CPU
		{6A0D3978-CDFA-4DE7-AD1F-C18D2C3B2E02}.AppStore|iPhoneSimulator.Deploy.0 = Release|Any CPU
		{6A0D3978-CDFA-4DE7-AD1F-C18D2C3B2E02}.AppStore|x64.ActiveCfg = Release|Any CPU
		{6A0D3978-CDFA-4DE7-AD1F-C18D2C3B2E02}.AppStore|x64.Build.0 = Release|Any CPU
		{6A0D3978-CDFA-4DE7-AD1F-C18D2C3B2E02}.AppStore|x64.Deploy.0 = Release|Any CPU
		{6A0D3978-CDFA-4DE7-AD1F-C18D2C3B2E02}.AppStore|x86.ActiveCfg = Release|Any CPU
		{6A0D3978-CDFA-4DE7-AD1F-C18D2C3B2E02}.AppStore|x86.Build.0 = Release|Any CPU
		{6A0D3978-CDFA-4DE7-AD1F-C18D2C3B2E02}.AppStore|x86.Deploy.0 = Release|Any CPU
		{6A0D3978-CDFA-4DE7-AD1F-C18D2C3B2E02}.Debug|Any CPU.ActiveCfg = Debug|Any CPU
		{6A0D3978-CDFA-4DE7-AD1F-C18D2C3B2E02}.Debug|Any CPU.Build.0 = Debug|Any CPU
		{6A0D3978-CDFA-4DE7-AD1F-C18D2C3B2E02}.Debug|Any CPU.Deploy.0 = Debug|Any CPU
		{6A0D3978-CDFA-4DE7-AD1F-C18D2C3B2E02}.Debug|ARM.ActiveCfg = Debug|Any CPU
		{6A0D3978-CDFA-4DE7-AD1F-C18D2C3B2E02}.Debug|ARM.Build.0 = Debug|Any CPU
		{6A0D3978-CDFA-4DE7-AD1F-C18D2C3B2E02}.Debug|ARM.Deploy.0 = Debug|Any CPU
		{6A0D3978-CDFA-4DE7-AD1F-C18D2C3B2E02}.Debug|iPhone.ActiveCfg = Debug|Any CPU
		{6A0D3978-CDFA-4DE7-AD1F-C18D2C3B2E02}.Debug|iPhone.Build.0 = Debug|Any CPU
		{6A0D3978-CDFA-4DE7-AD1F-C18D2C3B2E02}.Debug|iPhone.Deploy.0 = Debug|Any CPU
		{6A0D3978-CDFA-4DE7-AD1F-C18D2C3B2E02}.Debug|iPhoneSimulator.ActiveCfg = Debug|Any CPU
		{6A0D3978-CDFA-4DE7-AD1F-C18D2C3B2E02}.Debug|iPhoneSimulator.Build.0 = Debug|Any CPU
		{6A0D3978-CDFA-4DE7-AD1F-C18D2C3B2E02}.Debug|iPhoneSimulator.Deploy.0 = Debug|Any CPU
		{6A0D3978-CDFA-4DE7-AD1F-C18D2C3B2E02}.Debug|x64.ActiveCfg = Debug|Any CPU
		{6A0D3978-CDFA-4DE7-AD1F-C18D2C3B2E02}.Debug|x64.Build.0 = Debug|Any CPU
		{6A0D3978-CDFA-4DE7-AD1F-C18D2C3B2E02}.Debug|x64.Deploy.0 = Debug|Any CPU
		{6A0D3978-CDFA-4DE7-AD1F-C18D2C3B2E02}.Debug|x86.ActiveCfg = Debug|Any CPU
		{6A0D3978-CDFA-4DE7-AD1F-C18D2C3B2E02}.Debug|x86.Build.0 = Debug|Any CPU
		{6A0D3978-CDFA-4DE7-AD1F-C18D2C3B2E02}.Debug|x86.Deploy.0 = Debug|Any CPU
		{6A0D3978-CDFA-4DE7-AD1F-C18D2C3B2E02}.Release|Any CPU.ActiveCfg = Release|Any CPU
		{6A0D3978-CDFA-4DE7-AD1F-C18D2C3B2E02}.Release|Any CPU.Build.0 = Release|Any CPU
		{6A0D3978-CDFA-4DE7-AD1F-C18D2C3B2E02}.Release|Any CPU.Deploy.0 = Release|Any CPU
		{6A0D3978-CDFA-4DE7-AD1F-C18D2C3B2E02}.Release|ARM.ActiveCfg = Release|Any CPU
		{6A0D3978-CDFA-4DE7-AD1F-C18D2C3B2E02}.Release|ARM.Build.0 = Release|Any CPU
		{6A0D3978-CDFA-4DE7-AD1F-C18D2C3B2E02}.Release|ARM.Deploy.0 = Release|Any CPU
		{6A0D3978-CDFA-4DE7-AD1F-C18D2C3B2E02}.Release|iPhone.ActiveCfg = Release|Any CPU
		{6A0D3978-CDFA-4DE7-AD1F-C18D2C3B2E02}.Release|iPhone.Build.0 = Release|Any CPU
		{6A0D3978-CDFA-4DE7-AD1F-C18D2C3B2E02}.Release|iPhone.Deploy.0 = Release|Any CPU
		{6A0D3978-CDFA-4DE7-AD1F-C18D2C3B2E02}.Release|iPhoneSimulator.ActiveCfg = Release|Any CPU
		{6A0D3978-CDFA-4DE7-AD1F-C18D2C3B2E02}.Release|iPhoneSimulator.Build.0 = Release|Any CPU
		{6A0D3978-CDFA-4DE7-AD1F-C18D2C3B2E02}.Release|iPhoneSimulator.Deploy.0 = Release|Any CPU
		{6A0D3978-CDFA-4DE7-AD1F-C18D2C3B2E02}.Release|x64.ActiveCfg = Release|Any CPU
		{6A0D3978-CDFA-4DE7-AD1F-C18D2C3B2E02}.Release|x64.Build.0 = Release|Any CPU
		{6A0D3978-CDFA-4DE7-AD1F-C18D2C3B2E02}.Release|x64.Deploy.0 = Release|Any CPU
		{6A0D3978-CDFA-4DE7-AD1F-C18D2C3B2E02}.Release|x86.ActiveCfg = Release|Any CPU
		{6A0D3978-CDFA-4DE7-AD1F-C18D2C3B2E02}.Release|x86.Build.0 = Release|Any CPU
		{6A0D3978-CDFA-4DE7-AD1F-C18D2C3B2E02}.Release|x86.Deploy.0 = Release|Any CPU
		{47D8FD7C-03AF-461A-9FDE-29A27B3221B7}.Ad-Hoc|Any CPU.ActiveCfg = Ad-Hoc|iPhone
		{47D8FD7C-03AF-461A-9FDE-29A27B3221B7}.Ad-Hoc|ARM.ActiveCfg = Ad-Hoc|iPhone
		{47D8FD7C-03AF-461A-9FDE-29A27B3221B7}.Ad-Hoc|iPhone.ActiveCfg = Ad-Hoc|iPhone
		{47D8FD7C-03AF-461A-9FDE-29A27B3221B7}.Ad-Hoc|iPhone.Build.0 = Ad-Hoc|iPhone
		{47D8FD7C-03AF-461A-9FDE-29A27B3221B7}.Ad-Hoc|iPhoneSimulator.ActiveCfg = Ad-Hoc|iPhoneSimulator
		{47D8FD7C-03AF-461A-9FDE-29A27B3221B7}.Ad-Hoc|iPhoneSimulator.Build.0 = Ad-Hoc|iPhoneSimulator
		{47D8FD7C-03AF-461A-9FDE-29A27B3221B7}.Ad-Hoc|x64.ActiveCfg = Ad-Hoc|iPhone
		{47D8FD7C-03AF-461A-9FDE-29A27B3221B7}.Ad-Hoc|x86.ActiveCfg = Ad-Hoc|iPhone
		{47D8FD7C-03AF-461A-9FDE-29A27B3221B7}.AppStore|Any CPU.ActiveCfg = AppStore|iPhone
		{47D8FD7C-03AF-461A-9FDE-29A27B3221B7}.AppStore|ARM.ActiveCfg = AppStore|iPhone
		{47D8FD7C-03AF-461A-9FDE-29A27B3221B7}.AppStore|iPhone.ActiveCfg = AppStore|iPhone
		{47D8FD7C-03AF-461A-9FDE-29A27B3221B7}.AppStore|iPhone.Build.0 = AppStore|iPhone
		{47D8FD7C-03AF-461A-9FDE-29A27B3221B7}.AppStore|iPhoneSimulator.ActiveCfg = AppStore|iPhoneSimulator
		{47D8FD7C-03AF-461A-9FDE-29A27B3221B7}.AppStore|iPhoneSimulator.Build.0 = AppStore|iPhoneSimulator
		{47D8FD7C-03AF-461A-9FDE-29A27B3221B7}.AppStore|x64.ActiveCfg = AppStore|iPhone
		{47D8FD7C-03AF-461A-9FDE-29A27B3221B7}.AppStore|x86.ActiveCfg = AppStore|iPhone
		{47D8FD7C-03AF-461A-9FDE-29A27B3221B7}.Debug|Any CPU.ActiveCfg = Debug|iPhone
		{47D8FD7C-03AF-461A-9FDE-29A27B3221B7}.Debug|ARM.ActiveCfg = Debug|iPhone
		{47D8FD7C-03AF-461A-9FDE-29A27B3221B7}.Debug|iPhone.ActiveCfg = Debug|iPhone
		{47D8FD7C-03AF-461A-9FDE-29A27B3221B7}.Debug|iPhone.Build.0 = Debug|iPhone
		{47D8FD7C-03AF-461A-9FDE-29A27B3221B7}.Debug|iPhoneSimulator.ActiveCfg = Debug|iPhoneSimulator
		{47D8FD7C-03AF-461A-9FDE-29A27B3221B7}.Debug|iPhoneSimulator.Build.0 = Debug|iPhoneSimulator
		{47D8FD7C-03AF-461A-9FDE-29A27B3221B7}.Debug|x64.ActiveCfg = Debug|iPhone
		{47D8FD7C-03AF-461A-9FDE-29A27B3221B7}.Debug|x86.ActiveCfg = Debug|iPhone
		{47D8FD7C-03AF-461A-9FDE-29A27B3221B7}.Release|Any CPU.ActiveCfg = Release|iPhone
		{47D8FD7C-03AF-461A-9FDE-29A27B3221B7}.Release|ARM.ActiveCfg = Release|iPhone
		{47D8FD7C-03AF-461A-9FDE-29A27B3221B7}.Release|iPhone.ActiveCfg = Release|iPhone
		{47D8FD7C-03AF-461A-9FDE-29A27B3221B7}.Release|iPhone.Build.0 = Release|iPhone
		{47D8FD7C-03AF-461A-9FDE-29A27B3221B7}.Release|iPhoneSimulator.ActiveCfg = Release|iPhoneSimulator
		{47D8FD7C-03AF-461A-9FDE-29A27B3221B7}.Release|iPhoneSimulator.Build.0 = Release|iPhoneSimulator
		{47D8FD7C-03AF-461A-9FDE-29A27B3221B7}.Release|x64.ActiveCfg = Release|iPhone
		{47D8FD7C-03AF-461A-9FDE-29A27B3221B7}.Release|x86.ActiveCfg = Release|iPhone
		{76BE1EF4-470B-4F0B-8927-D67D1D8FE9A5}.Ad-Hoc|Any CPU.ActiveCfg = Release|Any CPU
		{76BE1EF4-470B-4F0B-8927-D67D1D8FE9A5}.Ad-Hoc|Any CPU.Build.0 = Release|Any CPU
		{76BE1EF4-470B-4F0B-8927-D67D1D8FE9A5}.Ad-Hoc|Any CPU.Deploy.0 = Release|Any CPU
		{76BE1EF4-470B-4F0B-8927-D67D1D8FE9A5}.Ad-Hoc|ARM.ActiveCfg = Release|ARM
		{76BE1EF4-470B-4F0B-8927-D67D1D8FE9A5}.Ad-Hoc|ARM.Build.0 = Release|ARM
		{76BE1EF4-470B-4F0B-8927-D67D1D8FE9A5}.Ad-Hoc|ARM.Deploy.0 = Release|ARM
		{76BE1EF4-470B-4F0B-8927-D67D1D8FE9A5}.Ad-Hoc|iPhone.ActiveCfg = Release|Any CPU
		{76BE1EF4-470B-4F0B-8927-D67D1D8FE9A5}.Ad-Hoc|iPhone.Build.0 = Release|Any CPU
		{76BE1EF4-470B-4F0B-8927-D67D1D8FE9A5}.Ad-Hoc|iPhone.Deploy.0 = Release|Any CPU
		{76BE1EF4-470B-4F0B-8927-D67D1D8FE9A5}.Ad-Hoc|iPhoneSimulator.ActiveCfg = Release|Any CPU
		{76BE1EF4-470B-4F0B-8927-D67D1D8FE9A5}.Ad-Hoc|iPhoneSimulator.Build.0 = Release|Any CPU
		{76BE1EF4-470B-4F0B-8927-D67D1D8FE9A5}.Ad-Hoc|iPhoneSimulator.Deploy.0 = Release|Any CPU
		{76BE1EF4-470B-4F0B-8927-D67D1D8FE9A5}.Ad-Hoc|x64.ActiveCfg = Release|Any CPU
		{76BE1EF4-470B-4F0B-8927-D67D1D8FE9A5}.Ad-Hoc|x64.Build.0 = Release|Any CPU
		{76BE1EF4-470B-4F0B-8927-D67D1D8FE9A5}.Ad-Hoc|x64.Deploy.0 = Release|Any CPU
		{76BE1EF4-470B-4F0B-8927-D67D1D8FE9A5}.Ad-Hoc|x86.ActiveCfg = Release|x86
		{76BE1EF4-470B-4F0B-8927-D67D1D8FE9A5}.Ad-Hoc|x86.Build.0 = Release|x86
		{76BE1EF4-470B-4F0B-8927-D67D1D8FE9A5}.Ad-Hoc|x86.Deploy.0 = Release|x86
		{76BE1EF4-470B-4F0B-8927-D67D1D8FE9A5}.AppStore|Any CPU.ActiveCfg = Release|Any CPU
		{76BE1EF4-470B-4F0B-8927-D67D1D8FE9A5}.AppStore|Any CPU.Build.0 = Release|Any CPU
		{76BE1EF4-470B-4F0B-8927-D67D1D8FE9A5}.AppStore|Any CPU.Deploy.0 = Release|Any CPU
		{76BE1EF4-470B-4F0B-8927-D67D1D8FE9A5}.AppStore|ARM.ActiveCfg = Release|ARM
		{76BE1EF4-470B-4F0B-8927-D67D1D8FE9A5}.AppStore|ARM.Build.0 = Release|ARM
		{76BE1EF4-470B-4F0B-8927-D67D1D8FE9A5}.AppStore|ARM.Deploy.0 = Release|ARM
		{76BE1EF4-470B-4F0B-8927-D67D1D8FE9A5}.AppStore|iPhone.ActiveCfg = Release|Any CPU
		{76BE1EF4-470B-4F0B-8927-D67D1D8FE9A5}.AppStore|iPhone.Build.0 = Release|Any CPU
		{76BE1EF4-470B-4F0B-8927-D67D1D8FE9A5}.AppStore|iPhone.Deploy.0 = Release|Any CPU
		{76BE1EF4-470B-4F0B-8927-D67D1D8FE9A5}.AppStore|iPhoneSimulator.ActiveCfg = Release|Any CPU
		{76BE1EF4-470B-4F0B-8927-D67D1D8FE9A5}.AppStore|iPhoneSimulator.Build.0 = Release|Any CPU
		{76BE1EF4-470B-4F0B-8927-D67D1D8FE9A5}.AppStore|iPhoneSimulator.Deploy.0 = Release|Any CPU
		{76BE1EF4-470B-4F0B-8927-D67D1D8FE9A5}.AppStore|x64.ActiveCfg = Release|Any CPU
		{76BE1EF4-470B-4F0B-8927-D67D1D8FE9A5}.AppStore|x64.Build.0 = Release|Any CPU
		{76BE1EF4-470B-4F0B-8927-D67D1D8FE9A5}.AppStore|x64.Deploy.0 = Release|Any CPU
		{76BE1EF4-470B-4F0B-8927-D67D1D8FE9A5}.AppStore|x86.ActiveCfg = Release|x86
		{76BE1EF4-470B-4F0B-8927-D67D1D8FE9A5}.AppStore|x86.Build.0 = Release|x86
		{76BE1EF4-470B-4F0B-8927-D67D1D8FE9A5}.AppStore|x86.Deploy.0 = Release|x86
		{76BE1EF4-470B-4F0B-8927-D67D1D8FE9A5}.Debug|Any CPU.ActiveCfg = Debug|Any CPU
		{76BE1EF4-470B-4F0B-8927-D67D1D8FE9A5}.Debug|Any CPU.Build.0 = Debug|Any CPU
		{76BE1EF4-470B-4F0B-8927-D67D1D8FE9A5}.Debug|Any CPU.Deploy.0 = Debug|Any CPU
		{76BE1EF4-470B-4F0B-8927-D67D1D8FE9A5}.Debug|ARM.ActiveCfg = Debug|ARM
		{76BE1EF4-470B-4F0B-8927-D67D1D8FE9A5}.Debug|ARM.Build.0 = Debug|ARM
		{76BE1EF4-470B-4F0B-8927-D67D1D8FE9A5}.Debug|ARM.Deploy.0 = Debug|ARM
		{76BE1EF4-470B-4F0B-8927-D67D1D8FE9A5}.Debug|iPhone.ActiveCfg = Debug|Any CPU
		{76BE1EF4-470B-4F0B-8927-D67D1D8FE9A5}.Debug|iPhone.Build.0 = Debug|Any CPU
		{76BE1EF4-470B-4F0B-8927-D67D1D8FE9A5}.Debug|iPhone.Deploy.0 = Debug|Any CPU
		{76BE1EF4-470B-4F0B-8927-D67D1D8FE9A5}.Debug|iPhoneSimulator.ActiveCfg = Debug|Any CPU
		{76BE1EF4-470B-4F0B-8927-D67D1D8FE9A5}.Debug|iPhoneSimulator.Build.0 = Debug|Any CPU
		{76BE1EF4-470B-4F0B-8927-D67D1D8FE9A5}.Debug|iPhoneSimulator.Deploy.0 = Debug|Any CPU
		{76BE1EF4-470B-4F0B-8927-D67D1D8FE9A5}.Debug|x64.ActiveCfg = Debug|Any CPU
		{76BE1EF4-470B-4F0B-8927-D67D1D8FE9A5}.Debug|x64.Build.0 = Debug|Any CPU
		{76BE1EF4-470B-4F0B-8927-D67D1D8FE9A5}.Debug|x64.Deploy.0 = Debug|Any CPU
		{76BE1EF4-470B-4F0B-8927-D67D1D8FE9A5}.Debug|x86.ActiveCfg = Debug|x86
		{76BE1EF4-470B-4F0B-8927-D67D1D8FE9A5}.Debug|x86.Build.0 = Debug|x86
		{76BE1EF4-470B-4F0B-8927-D67D1D8FE9A5}.Debug|x86.Deploy.0 = Debug|x86
		{76BE1EF4-470B-4F0B-8927-D67D1D8FE9A5}.Release|Any CPU.ActiveCfg = Release|Any CPU
		{76BE1EF4-470B-4F0B-8927-D67D1D8FE9A5}.Release|Any CPU.Build.0 = Release|Any CPU
		{76BE1EF4-470B-4F0B-8927-D67D1D8FE9A5}.Release|Any CPU.Deploy.0 = Release|Any CPU
		{76BE1EF4-470B-4F0B-8927-D67D1D8FE9A5}.Release|ARM.ActiveCfg = Release|ARM
		{76BE1EF4-470B-4F0B-8927-D67D1D8FE9A5}.Release|ARM.Build.0 = Release|ARM
		{76BE1EF4-470B-4F0B-8927-D67D1D8FE9A5}.Release|ARM.Deploy.0 = Release|ARM
		{76BE1EF4-470B-4F0B-8927-D67D1D8FE9A5}.Release|iPhone.ActiveCfg = Release|Any CPU
		{76BE1EF4-470B-4F0B-8927-D67D1D8FE9A5}.Release|iPhone.Build.0 = Release|Any CPU
		{76BE1EF4-470B-4F0B-8927-D67D1D8FE9A5}.Release|iPhone.Deploy.0 = Release|Any CPU
		{76BE1EF4-470B-4F0B-8927-D67D1D8FE9A5}.Release|iPhoneSimulator.ActiveCfg = Release|Any CPU
		{76BE1EF4-470B-4F0B-8927-D67D1D8FE9A5}.Release|iPhoneSimulator.Build.0 = Release|Any CPU
		{76BE1EF4-470B-4F0B-8927-D67D1D8FE9A5}.Release|iPhoneSimulator.Deploy.0 = Release|Any CPU
		{76BE1EF4-470B-4F0B-8927-D67D1D8FE9A5}.Release|x64.ActiveCfg = Release|Any CPU
		{76BE1EF4-470B-4F0B-8927-D67D1D8FE9A5}.Release|x64.Build.0 = Release|Any CPU
		{76BE1EF4-470B-4F0B-8927-D67D1D8FE9A5}.Release|x64.Deploy.0 = Release|Any CPU
		{76BE1EF4-470B-4F0B-8927-D67D1D8FE9A5}.Release|x86.ActiveCfg = Release|x86
		{76BE1EF4-470B-4F0B-8927-D67D1D8FE9A5}.Release|x86.Build.0 = Release|x86
		{76BE1EF4-470B-4F0B-8927-D67D1D8FE9A5}.Release|x86.Deploy.0 = Release|x86
		{EE52F294-5433-43FE-8E4E-28399D05F3DD}.Ad-Hoc|Any CPU.ActiveCfg = Release|x86
		{EE52F294-5433-43FE-8E4E-28399D05F3DD}.Ad-Hoc|Any CPU.Build.0 = Release|x86
		{EE52F294-5433-43FE-8E4E-28399D05F3DD}.Ad-Hoc|Any CPU.Deploy.0 = Release|x86
		{EE52F294-5433-43FE-8E4E-28399D05F3DD}.Ad-Hoc|ARM.ActiveCfg = Release|ARM
		{EE52F294-5433-43FE-8E4E-28399D05F3DD}.Ad-Hoc|ARM.Build.0 = Release|ARM
		{EE52F294-5433-43FE-8E4E-28399D05F3DD}.Ad-Hoc|ARM.Deploy.0 = Release|ARM
		{EE52F294-5433-43FE-8E4E-28399D05F3DD}.Ad-Hoc|iPhone.ActiveCfg = Release|x86
		{EE52F294-5433-43FE-8E4E-28399D05F3DD}.Ad-Hoc|iPhone.Build.0 = Release|x86
		{EE52F294-5433-43FE-8E4E-28399D05F3DD}.Ad-Hoc|iPhone.Deploy.0 = Release|x86
		{EE52F294-5433-43FE-8E4E-28399D05F3DD}.Ad-Hoc|iPhoneSimulator.ActiveCfg = Release|x86
		{EE52F294-5433-43FE-8E4E-28399D05F3DD}.Ad-Hoc|iPhoneSimulator.Build.0 = Release|x86
		{EE52F294-5433-43FE-8E4E-28399D05F3DD}.Ad-Hoc|iPhoneSimulator.Deploy.0 = Release|x86
		{EE52F294-5433-43FE-8E4E-28399D05F3DD}.Ad-Hoc|x64.ActiveCfg = Release|x64
		{EE52F294-5433-43FE-8E4E-28399D05F3DD}.Ad-Hoc|x64.Build.0 = Release|x64
		{EE52F294-5433-43FE-8E4E-28399D05F3DD}.Ad-Hoc|x64.Deploy.0 = Release|x64
		{EE52F294-5433-43FE-8E4E-28399D05F3DD}.Ad-Hoc|x86.ActiveCfg = Release|x86
		{EE52F294-5433-43FE-8E4E-28399D05F3DD}.Ad-Hoc|x86.Build.0 = Release|x86
		{EE52F294-5433-43FE-8E4E-28399D05F3DD}.Ad-Hoc|x86.Deploy.0 = Release|x86
		{EE52F294-5433-43FE-8E4E-28399D05F3DD}.AppStore|Any CPU.ActiveCfg = Release|x86
		{EE52F294-5433-43FE-8E4E-28399D05F3DD}.AppStore|Any CPU.Build.0 = Release|x86
		{EE52F294-5433-43FE-8E4E-28399D05F3DD}.AppStore|Any CPU.Deploy.0 = Release|x86
		{EE52F294-5433-43FE-8E4E-28399D05F3DD}.AppStore|ARM.ActiveCfg = Release|ARM
		{EE52F294-5433-43FE-8E4E-28399D05F3DD}.AppStore|ARM.Build.0 = Release|ARM
		{EE52F294-5433-43FE-8E4E-28399D05F3DD}.AppStore|ARM.Deploy.0 = Release|ARM
		{EE52F294-5433-43FE-8E4E-28399D05F3DD}.AppStore|iPhone.ActiveCfg = Release|x86
		{EE52F294-5433-43FE-8E4E-28399D05F3DD}.AppStore|iPhone.Build.0 = Release|x86
		{EE52F294-5433-43FE-8E4E-28399D05F3DD}.AppStore|iPhone.Deploy.0 = Release|x86
		{EE52F294-5433-43FE-8E4E-28399D05F3DD}.AppStore|iPhoneSimulator.ActiveCfg = Release|x86
		{EE52F294-5433-43FE-8E4E-28399D05F3DD}.AppStore|iPhoneSimulator.Build.0 = Release|x86
		{EE52F294-5433-43FE-8E4E-28399D05F3DD}.AppStore|iPhoneSimulator.Deploy.0 = Release|x86
		{EE52F294-5433-43FE-8E4E-28399D05F3DD}.AppStore|x64.ActiveCfg = Release|x64
		{EE52F294-5433-43FE-8E4E-28399D05F3DD}.AppStore|x64.Build.0 = Release|x64
		{EE52F294-5433-43FE-8E4E-28399D05F3DD}.AppStore|x64.Deploy.0 = Release|x64
		{EE52F294-5433-43FE-8E4E-28399D05F3DD}.AppStore|x86.ActiveCfg = Release|x86
		{EE52F294-5433-43FE-8E4E-28399D05F3DD}.AppStore|x86.Build.0 = Release|x86
		{EE52F294-5433-43FE-8E4E-28399D05F3DD}.AppStore|x86.Deploy.0 = Release|x86
		{EE52F294-5433-43FE-8E4E-28399D05F3DD}.Debug|Any CPU.ActiveCfg = Debug|x86
		{EE52F294-5433-43FE-8E4E-28399D05F3DD}.Debug|ARM.ActiveCfg = Debug|ARM
		{EE52F294-5433-43FE-8E4E-28399D05F3DD}.Debug|ARM.Build.0 = Debug|ARM
		{EE52F294-5433-43FE-8E4E-28399D05F3DD}.Debug|ARM.Deploy.0 = Debug|ARM
		{EE52F294-5433-43FE-8E4E-28399D05F3DD}.Debug|iPhone.ActiveCfg = Debug|x86
		{EE52F294-5433-43FE-8E4E-28399D05F3DD}.Debug|iPhoneSimulator.ActiveCfg = Debug|x86
		{EE52F294-5433-43FE-8E4E-28399D05F3DD}.Debug|x64.ActiveCfg = Debug|x64
		{EE52F294-5433-43FE-8E4E-28399D05F3DD}.Debug|x64.Build.0 = Debug|x64
		{EE52F294-5433-43FE-8E4E-28399D05F3DD}.Debug|x64.Deploy.0 = Debug|x64
		{EE52F294-5433-43FE-8E4E-28399D05F3DD}.Debug|x86.ActiveCfg = Debug|x86
		{EE52F294-5433-43FE-8E4E-28399D05F3DD}.Debug|x86.Build.0 = Debug|x86
		{EE52F294-5433-43FE-8E4E-28399D05F3DD}.Debug|x86.Deploy.0 = Debug|x86
		{EE52F294-5433-43FE-8E4E-28399D05F3DD}.Release|Any CPU.ActiveCfg = Release|x86
		{EE52F294-5433-43FE-8E4E-28399D05F3DD}.Release|ARM.ActiveCfg = Release|ARM
		{EE52F294-5433-43FE-8E4E-28399D05F3DD}.Release|ARM.Build.0 = Release|ARM
		{EE52F294-5433-43FE-8E4E-28399D05F3DD}.Release|ARM.Deploy.0 = Release|ARM
		{EE52F294-5433-43FE-8E4E-28399D05F3DD}.Release|iPhone.ActiveCfg = Release|x86
		{EE52F294-5433-43FE-8E4E-28399D05F3DD}.Release|iPhoneSimulator.ActiveCfg = Release|x86
		{EE52F294-5433-43FE-8E4E-28399D05F3DD}.Release|x64.ActiveCfg = Release|x64
		{EE52F294-5433-43FE-8E4E-28399D05F3DD}.Release|x64.Build.0 = Release|x64
		{EE52F294-5433-43FE-8E4E-28399D05F3DD}.Release|x64.Deploy.0 = Release|x64
		{EE52F294-5433-43FE-8E4E-28399D05F3DD}.Release|x86.ActiveCfg = Release|x86
		{EE52F294-5433-43FE-8E4E-28399D05F3DD}.Release|x86.Build.0 = Release|x86
		{EE52F294-5433-43FE-8E4E-28399D05F3DD}.Release|x86.Deploy.0 = Release|x86
		{6714646B-C7B1-4CA0-9A0A-B3D93D5ED059}.Ad-Hoc|Any CPU.ActiveCfg = Release|Any CPU
		{6714646B-C7B1-4CA0-9A0A-B3D93D5ED059}.Ad-Hoc|Any CPU.Build.0 = Release|Any CPU
		{6714646B-C7B1-4CA0-9A0A-B3D93D5ED059}.Ad-Hoc|Any CPU.Deploy.0 = Release|Any CPU
		{6714646B-C7B1-4CA0-9A0A-B3D93D5ED059}.Ad-Hoc|ARM.ActiveCfg = Release|ARM
		{6714646B-C7B1-4CA0-9A0A-B3D93D5ED059}.Ad-Hoc|ARM.Build.0 = Release|ARM
		{6714646B-C7B1-4CA0-9A0A-B3D93D5ED059}.Ad-Hoc|ARM.Deploy.0 = Release|ARM
		{6714646B-C7B1-4CA0-9A0A-B3D93D5ED059}.Ad-Hoc|iPhone.ActiveCfg = Release|Any CPU
		{6714646B-C7B1-4CA0-9A0A-B3D93D5ED059}.Ad-Hoc|iPhone.Build.0 = Release|Any CPU
		{6714646B-C7B1-4CA0-9A0A-B3D93D5ED059}.Ad-Hoc|iPhone.Deploy.0 = Release|Any CPU
		{6714646B-C7B1-4CA0-9A0A-B3D93D5ED059}.Ad-Hoc|iPhoneSimulator.ActiveCfg = Release|Any CPU
		{6714646B-C7B1-4CA0-9A0A-B3D93D5ED059}.Ad-Hoc|iPhoneSimulator.Build.0 = Release|Any CPU
		{6714646B-C7B1-4CA0-9A0A-B3D93D5ED059}.Ad-Hoc|iPhoneSimulator.Deploy.0 = Release|Any CPU
		{6714646B-C7B1-4CA0-9A0A-B3D93D5ED059}.Ad-Hoc|x64.ActiveCfg = Release|x64
		{6714646B-C7B1-4CA0-9A0A-B3D93D5ED059}.Ad-Hoc|x64.Build.0 = Release|x64
		{6714646B-C7B1-4CA0-9A0A-B3D93D5ED059}.Ad-Hoc|x64.Deploy.0 = Release|x64
		{6714646B-C7B1-4CA0-9A0A-B3D93D5ED059}.Ad-Hoc|x86.ActiveCfg = Release|x86
		{6714646B-C7B1-4CA0-9A0A-B3D93D5ED059}.Ad-Hoc|x86.Build.0 = Release|x86
		{6714646B-C7B1-4CA0-9A0A-B3D93D5ED059}.Ad-Hoc|x86.Deploy.0 = Release|x86
		{6714646B-C7B1-4CA0-9A0A-B3D93D5ED059}.AppStore|Any CPU.ActiveCfg = Release|Any CPU
		{6714646B-C7B1-4CA0-9A0A-B3D93D5ED059}.AppStore|Any CPU.Build.0 = Release|Any CPU
		{6714646B-C7B1-4CA0-9A0A-B3D93D5ED059}.AppStore|Any CPU.Deploy.0 = Release|Any CPU
		{6714646B-C7B1-4CA0-9A0A-B3D93D5ED059}.AppStore|ARM.ActiveCfg = Release|ARM
		{6714646B-C7B1-4CA0-9A0A-B3D93D5ED059}.AppStore|ARM.Build.0 = Release|ARM
		{6714646B-C7B1-4CA0-9A0A-B3D93D5ED059}.AppStore|ARM.Deploy.0 = Release|ARM
		{6714646B-C7B1-4CA0-9A0A-B3D93D5ED059}.AppStore|iPhone.ActiveCfg = Release|Any CPU
		{6714646B-C7B1-4CA0-9A0A-B3D93D5ED059}.AppStore|iPhone.Build.0 = Release|Any CPU
		{6714646B-C7B1-4CA0-9A0A-B3D93D5ED059}.AppStore|iPhone.Deploy.0 = Release|Any CPU
		{6714646B-C7B1-4CA0-9A0A-B3D93D5ED059}.AppStore|iPhoneSimulator.ActiveCfg = Release|Any CPU
		{6714646B-C7B1-4CA0-9A0A-B3D93D5ED059}.AppStore|iPhoneSimulator.Build.0 = Release|Any CPU
		{6714646B-C7B1-4CA0-9A0A-B3D93D5ED059}.AppStore|iPhoneSimulator.Deploy.0 = Release|Any CPU
		{6714646B-C7B1-4CA0-9A0A-B3D93D5ED059}.AppStore|x64.ActiveCfg = Release|x64
		{6714646B-C7B1-4CA0-9A0A-B3D93D5ED059}.AppStore|x64.Build.0 = Release|x64
		{6714646B-C7B1-4CA0-9A0A-B3D93D5ED059}.AppStore|x64.Deploy.0 = Release|x64
		{6714646B-C7B1-4CA0-9A0A-B3D93D5ED059}.AppStore|x86.ActiveCfg = Release|x86
		{6714646B-C7B1-4CA0-9A0A-B3D93D5ED059}.AppStore|x86.Build.0 = Release|x86
		{6714646B-C7B1-4CA0-9A0A-B3D93D5ED059}.AppStore|x86.Deploy.0 = Release|x86
		{6714646B-C7B1-4CA0-9A0A-B3D93D5ED059}.Debug|Any CPU.ActiveCfg = Debug|Any CPU
		{6714646B-C7B1-4CA0-9A0A-B3D93D5ED059}.Debug|Any CPU.Build.0 = Debug|Any CPU
		{6714646B-C7B1-4CA0-9A0A-B3D93D5ED059}.Debug|Any CPU.Deploy.0 = Debug|Any CPU
		{6714646B-C7B1-4CA0-9A0A-B3D93D5ED059}.Debug|ARM.ActiveCfg = Debug|ARM
		{6714646B-C7B1-4CA0-9A0A-B3D93D5ED059}.Debug|ARM.Build.0 = Debug|ARM
		{6714646B-C7B1-4CA0-9A0A-B3D93D5ED059}.Debug|ARM.Deploy.0 = Debug|ARM
		{6714646B-C7B1-4CA0-9A0A-B3D93D5ED059}.Debug|iPhone.ActiveCfg = Debug|Any CPU
		{6714646B-C7B1-4CA0-9A0A-B3D93D5ED059}.Debug|iPhone.Build.0 = Debug|Any CPU
		{6714646B-C7B1-4CA0-9A0A-B3D93D5ED059}.Debug|iPhone.Deploy.0 = Debug|Any CPU
		{6714646B-C7B1-4CA0-9A0A-B3D93D5ED059}.Debug|iPhoneSimulator.ActiveCfg = Debug|Any CPU
		{6714646B-C7B1-4CA0-9A0A-B3D93D5ED059}.Debug|iPhoneSimulator.Build.0 = Debug|Any CPU
		{6714646B-C7B1-4CA0-9A0A-B3D93D5ED059}.Debug|iPhoneSimulator.Deploy.0 = Debug|Any CPU
		{6714646B-C7B1-4CA0-9A0A-B3D93D5ED059}.Debug|x64.ActiveCfg = Debug|x64
		{6714646B-C7B1-4CA0-9A0A-B3D93D5ED059}.Debug|x64.Build.0 = Debug|x64
		{6714646B-C7B1-4CA0-9A0A-B3D93D5ED059}.Debug|x64.Deploy.0 = Debug|x64
		{6714646B-C7B1-4CA0-9A0A-B3D93D5ED059}.Debug|x86.ActiveCfg = Debug|x86
		{6714646B-C7B1-4CA0-9A0A-B3D93D5ED059}.Debug|x86.Build.0 = Debug|x86
		{6714646B-C7B1-4CA0-9A0A-B3D93D5ED059}.Debug|x86.Deploy.0 = Debug|x86
		{6714646B-C7B1-4CA0-9A0A-B3D93D5ED059}.Release|Any CPU.ActiveCfg = Release|Any CPU
		{6714646B-C7B1-4CA0-9A0A-B3D93D5ED059}.Release|Any CPU.Build.0 = Release|Any CPU
		{6714646B-C7B1-4CA0-9A0A-B3D93D5ED059}.Release|Any CPU.Deploy.0 = Release|Any CPU
		{6714646B-C7B1-4CA0-9A0A-B3D93D5ED059}.Release|ARM.ActiveCfg = Release|ARM
		{6714646B-C7B1-4CA0-9A0A-B3D93D5ED059}.Release|ARM.Build.0 = Release|ARM
		{6714646B-C7B1-4CA0-9A0A-B3D93D5ED059}.Release|ARM.Deploy.0 = Release|ARM
		{6714646B-C7B1-4CA0-9A0A-B3D93D5ED059}.Release|iPhone.ActiveCfg = Release|Any CPU
		{6714646B-C7B1-4CA0-9A0A-B3D93D5ED059}.Release|iPhone.Build.0 = Release|Any CPU
		{6714646B-C7B1-4CA0-9A0A-B3D93D5ED059}.Release|iPhone.Deploy.0 = Release|Any CPU
		{6714646B-C7B1-4CA0-9A0A-B3D93D5ED059}.Release|iPhoneSimulator.ActiveCfg = Release|Any CPU
		{6714646B-C7B1-4CA0-9A0A-B3D93D5ED059}.Release|iPhoneSimulator.Build.0 = Release|Any CPU
		{6714646B-C7B1-4CA0-9A0A-B3D93D5ED059}.Release|iPhoneSimulator.Deploy.0 = Release|Any CPU
		{6714646B-C7B1-4CA0-9A0A-B3D93D5ED059}.Release|x64.ActiveCfg = Release|x64
		{6714646B-C7B1-4CA0-9A0A-B3D93D5ED059}.Release|x64.Build.0 = Release|x64
		{6714646B-C7B1-4CA0-9A0A-B3D93D5ED059}.Release|x64.Deploy.0 = Release|x64
		{6714646B-C7B1-4CA0-9A0A-B3D93D5ED059}.Release|x86.ActiveCfg = Release|x86
		{6714646B-C7B1-4CA0-9A0A-B3D93D5ED059}.Release|x86.Build.0 = Release|x86
		{6714646B-C7B1-4CA0-9A0A-B3D93D5ED059}.Release|x86.Deploy.0 = Release|x86
		{B80FD49A-0324-4146-B07B-2B029AC94AB3}.Ad-Hoc|Any CPU.ActiveCfg = Release|Any CPU
		{B80FD49A-0324-4146-B07B-2B029AC94AB3}.Ad-Hoc|Any CPU.Build.0 = Release|Any CPU
		{B80FD49A-0324-4146-B07B-2B029AC94AB3}.Ad-Hoc|ARM.ActiveCfg = Release|Any CPU
		{B80FD49A-0324-4146-B07B-2B029AC94AB3}.Ad-Hoc|ARM.Build.0 = Release|Any CPU
		{B80FD49A-0324-4146-B07B-2B029AC94AB3}.Ad-Hoc|iPhone.ActiveCfg = Release|Any CPU
		{B80FD49A-0324-4146-B07B-2B029AC94AB3}.Ad-Hoc|iPhone.Build.0 = Release|Any CPU
		{B80FD49A-0324-4146-B07B-2B029AC94AB3}.Ad-Hoc|iPhoneSimulator.ActiveCfg = Release|Any CPU
		{B80FD49A-0324-4146-B07B-2B029AC94AB3}.Ad-Hoc|iPhoneSimulator.Build.0 = Release|Any CPU
		{B80FD49A-0324-4146-B07B-2B029AC94AB3}.Ad-Hoc|x64.ActiveCfg = Release|Any CPU
		{B80FD49A-0324-4146-B07B-2B029AC94AB3}.Ad-Hoc|x64.Build.0 = Release|Any CPU
		{B80FD49A-0324-4146-B07B-2B029AC94AB3}.Ad-Hoc|x86.ActiveCfg = Release|Any CPU
		{B80FD49A-0324-4146-B07B-2B029AC94AB3}.Ad-Hoc|x86.Build.0 = Release|Any CPU
		{B80FD49A-0324-4146-B07B-2B029AC94AB3}.AppStore|Any CPU.ActiveCfg = Release|Any CPU
		{B80FD49A-0324-4146-B07B-2B029AC94AB3}.AppStore|Any CPU.Build.0 = Release|Any CPU
		{B80FD49A-0324-4146-B07B-2B029AC94AB3}.AppStore|ARM.ActiveCfg = Release|Any CPU
		{B80FD49A-0324-4146-B07B-2B029AC94AB3}.AppStore|ARM.Build.0 = Release|Any CPU
		{B80FD49A-0324-4146-B07B-2B029AC94AB3}.AppStore|iPhone.ActiveCfg = Release|Any CPU
		{B80FD49A-0324-4146-B07B-2B029AC94AB3}.AppStore|iPhone.Build.0 = Release|Any CPU
		{B80FD49A-0324-4146-B07B-2B029AC94AB3}.AppStore|iPhoneSimulator.ActiveCfg = Release|Any CPU
		{B80FD49A-0324-4146-B07B-2B029AC94AB3}.AppStore|iPhoneSimulator.Build.0 = Release|Any CPU
		{B80FD49A-0324-4146-B07B-2B029AC94AB3}.AppStore|x64.ActiveCfg = Release|Any CPU
		{B80FD49A-0324-4146-B07B-2B029AC94AB3}.AppStore|x64.Build.0 = Release|Any CPU
		{B80FD49A-0324-4146-B07B-2B029AC94AB3}.AppStore|x86.ActiveCfg = Release|Any CPU
		{B80FD49A-0324-4146-B07B-2B029AC94AB3}.AppStore|x86.Build.0 = Release|Any CPU
		{B80FD49A-0324-4146-B07B-2B029AC94AB3}.Debug|Any CPU.ActiveCfg = Debug|Any CPU
		{B80FD49A-0324-4146-B07B-2B029AC94AB3}.Debug|Any CPU.Build.0 = Debug|Any CPU
		{B80FD49A-0324-4146-B07B-2B029AC94AB3}.Debug|ARM.ActiveCfg = Debug|Any CPU
		{B80FD49A-0324-4146-B07B-2B029AC94AB3}.Debug|ARM.Build.0 = Debug|Any CPU
		{B80FD49A-0324-4146-B07B-2B029AC94AB3}.Debug|iPhone.ActiveCfg = Debug|Any CPU
		{B80FD49A-0324-4146-B07B-2B029AC94AB3}.Debug|iPhone.Build.0 = Debug|Any CPU
		{B80FD49A-0324-4146-B07B-2B029AC94AB3}.Debug|iPhoneSimulator.ActiveCfg = Debug|Any CPU
		{B80FD49A-0324-4146-B07B-2B029AC94AB3}.Debug|iPhoneSimulator.Build.0 = Debug|Any CPU
		{B80FD49A-0324-4146-B07B-2B029AC94AB3}.Debug|x64.ActiveCfg = Debug|Any CPU
		{B80FD49A-0324-4146-B07B-2B029AC94AB3}.Debug|x64.Build.0 = Debug|Any CPU
		{B80FD49A-0324-4146-B07B-2B029AC94AB3}.Debug|x86.ActiveCfg = Debug|Any CPU
		{B80FD49A-0324-4146-B07B-2B029AC94AB3}.Debug|x86.Build.0 = Debug|Any CPU
		{B80FD49A-0324-4146-B07B-2B029AC94AB3}.Release|Any CPU.ActiveCfg = Release|Any CPU
		{B80FD49A-0324-4146-B07B-2B029AC94AB3}.Release|Any CPU.Build.0 = Release|Any CPU
		{B80FD49A-0324-4146-B07B-2B029AC94AB3}.Release|ARM.ActiveCfg = Release|Any CPU
		{B80FD49A-0324-4146-B07B-2B029AC94AB3}.Release|ARM.Build.0 = Release|Any CPU
		{B80FD49A-0324-4146-B07B-2B029AC94AB3}.Release|iPhone.ActiveCfg = Release|Any CPU
		{B80FD49A-0324-4146-B07B-2B029AC94AB3}.Release|iPhone.Build.0 = Release|Any CPU
		{B80FD49A-0324-4146-B07B-2B029AC94AB3}.Release|iPhoneSimulator.ActiveCfg = Release|Any CPU
		{B80FD49A-0324-4146-B07B-2B029AC94AB3}.Release|iPhoneSimulator.Build.0 = Release|Any CPU
		{B80FD49A-0324-4146-B07B-2B029AC94AB3}.Release|x64.ActiveCfg = Release|Any CPU
		{B80FD49A-0324-4146-B07B-2B029AC94AB3}.Release|x64.Build.0 = Release|Any CPU
		{B80FD49A-0324-4146-B07B-2B029AC94AB3}.Release|x86.ActiveCfg = Release|Any CPU
		{B80FD49A-0324-4146-B07B-2B029AC94AB3}.Release|x86.Build.0 = Release|Any CPU
		{540ABA29-CE71-43C3-978A-A1C6D6FB4EA3}.Ad-Hoc|Any CPU.ActiveCfg = Release|Any CPU
		{540ABA29-CE71-43C3-978A-A1C6D6FB4EA3}.Ad-Hoc|Any CPU.Build.0 = Release|Any CPU
		{540ABA29-CE71-43C3-978A-A1C6D6FB4EA3}.Ad-Hoc|ARM.ActiveCfg = Release|Any CPU
		{540ABA29-CE71-43C3-978A-A1C6D6FB4EA3}.Ad-Hoc|ARM.Build.0 = Release|Any CPU
		{540ABA29-CE71-43C3-978A-A1C6D6FB4EA3}.Ad-Hoc|iPhone.ActiveCfg = Release|Any CPU
		{540ABA29-CE71-43C3-978A-A1C6D6FB4EA3}.Ad-Hoc|iPhone.Build.0 = Release|Any CPU
		{540ABA29-CE71-43C3-978A-A1C6D6FB4EA3}.Ad-Hoc|iPhoneSimulator.ActiveCfg = Release|Any CPU
		{540ABA29-CE71-43C3-978A-A1C6D6FB4EA3}.Ad-Hoc|iPhoneSimulator.Build.0 = Release|Any CPU
		{540ABA29-CE71-43C3-978A-A1C6D6FB4EA3}.Ad-Hoc|x64.ActiveCfg = Release|Any CPU
		{540ABA29-CE71-43C3-978A-A1C6D6FB4EA3}.Ad-Hoc|x64.Build.0 = Release|Any CPU
		{540ABA29-CE71-43C3-978A-A1C6D6FB4EA3}.Ad-Hoc|x86.ActiveCfg = Release|Any CPU
		{540ABA29-CE71-43C3-978A-A1C6D6FB4EA3}.Ad-Hoc|x86.Build.0 = Release|Any CPU
		{540ABA29-CE71-43C3-978A-A1C6D6FB4EA3}.AppStore|Any CPU.ActiveCfg = Release|Any CPU
		{540ABA29-CE71-43C3-978A-A1C6D6FB4EA3}.AppStore|Any CPU.Build.0 = Release|Any CPU
		{540ABA29-CE71-43C3-978A-A1C6D6FB4EA3}.AppStore|ARM.ActiveCfg = Release|Any CPU
		{540ABA29-CE71-43C3-978A-A1C6D6FB4EA3}.AppStore|ARM.Build.0 = Release|Any CPU
		{540ABA29-CE71-43C3-978A-A1C6D6FB4EA3}.AppStore|iPhone.ActiveCfg = Release|Any CPU
		{540ABA29-CE71-43C3-978A-A1C6D6FB4EA3}.AppStore|iPhone.Build.0 = Release|Any CPU
		{540ABA29-CE71-43C3-978A-A1C6D6FB4EA3}.AppStore|iPhoneSimulator.ActiveCfg = Release|Any CPU
		{540ABA29-CE71-43C3-978A-A1C6D6FB4EA3}.AppStore|iPhoneSimulator.Build.0 = Release|Any CPU
		{540ABA29-CE71-43C3-978A-A1C6D6FB4EA3}.AppStore|x64.ActiveCfg = Release|Any CPU
		{540ABA29-CE71-43C3-978A-A1C6D6FB4EA3}.AppStore|x64.Build.0 = Release|Any CPU
		{540ABA29-CE71-43C3-978A-A1C6D6FB4EA3}.AppStore|x86.ActiveCfg = Release|Any CPU
		{540ABA29-CE71-43C3-978A-A1C6D6FB4EA3}.AppStore|x86.Build.0 = Release|Any CPU
		{540ABA29-CE71-43C3-978A-A1C6D6FB4EA3}.Debug|Any CPU.ActiveCfg = Debug|Any CPU
		{540ABA29-CE71-43C3-978A-A1C6D6FB4EA3}.Debug|Any CPU.Build.0 = Debug|Any CPU
		{540ABA29-CE71-43C3-978A-A1C6D6FB4EA3}.Debug|ARM.ActiveCfg = Debug|Any CPU
		{540ABA29-CE71-43C3-978A-A1C6D6FB4EA3}.Debug|ARM.Build.0 = Debug|Any CPU
		{540ABA29-CE71-43C3-978A-A1C6D6FB4EA3}.Debug|iPhone.ActiveCfg = Debug|Any CPU
		{540ABA29-CE71-43C3-978A-A1C6D6FB4EA3}.Debug|iPhone.Build.0 = Debug|Any CPU
		{540ABA29-CE71-43C3-978A-A1C6D6FB4EA3}.Debug|iPhoneSimulator.ActiveCfg = Debug|Any CPU
		{540ABA29-CE71-43C3-978A-A1C6D6FB4EA3}.Debug|iPhoneSimulator.Build.0 = Debug|Any CPU
		{540ABA29-CE71-43C3-978A-A1C6D6FB4EA3}.Debug|x64.ActiveCfg = Debug|Any CPU
		{540ABA29-CE71-43C3-978A-A1C6D6FB4EA3}.Debug|x64.Build.0 = Debug|Any CPU
		{540ABA29-CE71-43C3-978A-A1C6D6FB4EA3}.Debug|x86.ActiveCfg = Debug|Any CPU
		{540ABA29-CE71-43C3-978A-A1C6D6FB4EA3}.Debug|x86.Build.0 = Debug|Any CPU
		{540ABA29-CE71-43C3-978A-A1C6D6FB4EA3}.Release|Any CPU.ActiveCfg = Release|Any CPU
		{540ABA29-CE71-43C3-978A-A1C6D6FB4EA3}.Release|Any CPU.Build.0 = Release|Any CPU
		{540ABA29-CE71-43C3-978A-A1C6D6FB4EA3}.Release|ARM.ActiveCfg = Release|Any CPU
		{540ABA29-CE71-43C3-978A-A1C6D6FB4EA3}.Release|ARM.Build.0 = Release|Any CPU
		{540ABA29-CE71-43C3-978A-A1C6D6FB4EA3}.Release|iPhone.ActiveCfg = Release|Any CPU
		{540ABA29-CE71-43C3-978A-A1C6D6FB4EA3}.Release|iPhone.Build.0 = Release|Any CPU
		{540ABA29-CE71-43C3-978A-A1C6D6FB4EA3}.Release|iPhoneSimulator.ActiveCfg = Release|Any CPU
		{540ABA29-CE71-43C3-978A-A1C6D6FB4EA3}.Release|iPhoneSimulator.Build.0 = Release|Any CPU
		{540ABA29-CE71-43C3-978A-A1C6D6FB4EA3}.Release|x64.ActiveCfg = Release|Any CPU
		{540ABA29-CE71-43C3-978A-A1C6D6FB4EA3}.Release|x64.Build.0 = Release|Any CPU
		{540ABA29-CE71-43C3-978A-A1C6D6FB4EA3}.Release|x86.ActiveCfg = Release|Any CPU
		{540ABA29-CE71-43C3-978A-A1C6D6FB4EA3}.Release|x86.Build.0 = Release|Any CPU
		{50539ABF-96C0-474E-A0B4-E25BB0B0A6A8}.Ad-Hoc|Any CPU.ActiveCfg = Release|Any CPU
		{50539ABF-96C0-474E-A0B4-E25BB0B0A6A8}.Ad-Hoc|Any CPU.Build.0 = Release|Any CPU
		{50539ABF-96C0-474E-A0B4-E25BB0B0A6A8}.Ad-Hoc|ARM.ActiveCfg = Release|Any CPU
		{50539ABF-96C0-474E-A0B4-E25BB0B0A6A8}.Ad-Hoc|ARM.Build.0 = Release|Any CPU
		{50539ABF-96C0-474E-A0B4-E25BB0B0A6A8}.Ad-Hoc|iPhone.ActiveCfg = Release|Any CPU
		{50539ABF-96C0-474E-A0B4-E25BB0B0A6A8}.Ad-Hoc|iPhone.Build.0 = Release|Any CPU
		{50539ABF-96C0-474E-A0B4-E25BB0B0A6A8}.Ad-Hoc|iPhoneSimulator.ActiveCfg = Release|Any CPU
		{50539ABF-96C0-474E-A0B4-E25BB0B0A6A8}.Ad-Hoc|iPhoneSimulator.Build.0 = Release|Any CPU
		{50539ABF-96C0-474E-A0B4-E25BB0B0A6A8}.Ad-Hoc|x64.ActiveCfg = Release|Any CPU
		{50539ABF-96C0-474E-A0B4-E25BB0B0A6A8}.Ad-Hoc|x64.Build.0 = Release|Any CPU
		{50539ABF-96C0-474E-A0B4-E25BB0B0A6A8}.Ad-Hoc|x86.ActiveCfg = Release|Any CPU
		{50539ABF-96C0-474E-A0B4-E25BB0B0A6A8}.Ad-Hoc|x86.Build.0 = Release|Any CPU
		{50539ABF-96C0-474E-A0B4-E25BB0B0A6A8}.AppStore|Any CPU.ActiveCfg = Release|Any CPU
		{50539ABF-96C0-474E-A0B4-E25BB0B0A6A8}.AppStore|Any CPU.Build.0 = Release|Any CPU
		{50539ABF-96C0-474E-A0B4-E25BB0B0A6A8}.AppStore|ARM.ActiveCfg = Release|Any CPU
		{50539ABF-96C0-474E-A0B4-E25BB0B0A6A8}.AppStore|ARM.Build.0 = Release|Any CPU
		{50539ABF-96C0-474E-A0B4-E25BB0B0A6A8}.AppStore|iPhone.ActiveCfg = Release|Any CPU
		{50539ABF-96C0-474E-A0B4-E25BB0B0A6A8}.AppStore|iPhone.Build.0 = Release|Any CPU
		{50539ABF-96C0-474E-A0B4-E25BB0B0A6A8}.AppStore|iPhoneSimulator.ActiveCfg = Release|Any CPU
		{50539ABF-96C0-474E-A0B4-E25BB0B0A6A8}.AppStore|iPhoneSimulator.Build.0 = Release|Any CPU
		{50539ABF-96C0-474E-A0B4-E25BB0B0A6A8}.AppStore|x64.ActiveCfg = Release|Any CPU
		{50539ABF-96C0-474E-A0B4-E25BB0B0A6A8}.AppStore|x64.Build.0 = Release|Any CPU
		{50539ABF-96C0-474E-A0B4-E25BB0B0A6A8}.AppStore|x86.ActiveCfg = Release|Any CPU
		{50539ABF-96C0-474E-A0B4-E25BB0B0A6A8}.AppStore|x86.Build.0 = Release|Any CPU
		{50539ABF-96C0-474E-A0B4-E25BB0B0A6A8}.Debug|Any CPU.ActiveCfg = Debug|Any CPU
		{50539ABF-96C0-474E-A0B4-E25BB0B0A6A8}.Debug|Any CPU.Build.0 = Debug|Any CPU
		{50539ABF-96C0-474E-A0B4-E25BB0B0A6A8}.Debug|ARM.ActiveCfg = Debug|Any CPU
		{50539ABF-96C0-474E-A0B4-E25BB0B0A6A8}.Debug|ARM.Build.0 = Debug|Any CPU
		{50539ABF-96C0-474E-A0B4-E25BB0B0A6A8}.Debug|iPhone.ActiveCfg = Debug|Any CPU
		{50539ABF-96C0-474E-A0B4-E25BB0B0A6A8}.Debug|iPhone.Build.0 = Debug|Any CPU
		{50539ABF-96C0-474E-A0B4-E25BB0B0A6A8}.Debug|iPhoneSimulator.ActiveCfg = Debug|Any CPU
		{50539ABF-96C0-474E-A0B4-E25BB0B0A6A8}.Debug|iPhoneSimulator.Build.0 = Debug|Any CPU
		{50539ABF-96C0-474E-A0B4-E25BB0B0A6A8}.Debug|x64.ActiveCfg = Debug|Any CPU
		{50539ABF-96C0-474E-A0B4-E25BB0B0A6A8}.Debug|x64.Build.0 = Debug|Any CPU
		{50539ABF-96C0-474E-A0B4-E25BB0B0A6A8}.Debug|x86.ActiveCfg = Debug|Any CPU
		{50539ABF-96C0-474E-A0B4-E25BB0B0A6A8}.Debug|x86.Build.0 = Debug|Any CPU
		{50539ABF-96C0-474E-A0B4-E25BB0B0A6A8}.Release|Any CPU.ActiveCfg = Release|Any CPU
		{50539ABF-96C0-474E-A0B4-E25BB0B0A6A8}.Release|Any CPU.Build.0 = Release|Any CPU
		{50539ABF-96C0-474E-A0B4-E25BB0B0A6A8}.Release|ARM.ActiveCfg = Release|Any CPU
		{50539ABF-96C0-474E-A0B4-E25BB0B0A6A8}.Release|ARM.Build.0 = Release|Any CPU
		{50539ABF-96C0-474E-A0B4-E25BB0B0A6A8}.Release|iPhone.ActiveCfg = Release|Any CPU
		{50539ABF-96C0-474E-A0B4-E25BB0B0A6A8}.Release|iPhone.Build.0 = Release|Any CPU
		{50539ABF-96C0-474E-A0B4-E25BB0B0A6A8}.Release|iPhoneSimulator.ActiveCfg = Release|Any CPU
		{50539ABF-96C0-474E-A0B4-E25BB0B0A6A8}.Release|iPhoneSimulator.Build.0 = Release|Any CPU
		{50539ABF-96C0-474E-A0B4-E25BB0B0A6A8}.Release|x64.ActiveCfg = Release|Any CPU
		{50539ABF-96C0-474E-A0B4-E25BB0B0A6A8}.Release|x64.Build.0 = Release|Any CPU
		{50539ABF-96C0-474E-A0B4-E25BB0B0A6A8}.Release|x86.ActiveCfg = Release|Any CPU
		{50539ABF-96C0-474E-A0B4-E25BB0B0A6A8}.Release|x86.Build.0 = Release|Any CPU
		{4F64C816-A3BA-449B-8845-C2835B0523C1}.Ad-Hoc|Any CPU.ActiveCfg = Release|Any CPU
		{4F64C816-A3BA-449B-8845-C2835B0523C1}.Ad-Hoc|Any CPU.Build.0 = Release|Any CPU
		{4F64C816-A3BA-449B-8845-C2835B0523C1}.Ad-Hoc|ARM.ActiveCfg = Release|Any CPU
		{4F64C816-A3BA-449B-8845-C2835B0523C1}.Ad-Hoc|ARM.Build.0 = Release|Any CPU
		{4F64C816-A3BA-449B-8845-C2835B0523C1}.Ad-Hoc|iPhone.ActiveCfg = Release|Any CPU
		{4F64C816-A3BA-449B-8845-C2835B0523C1}.Ad-Hoc|iPhone.Build.0 = Release|Any CPU
		{4F64C816-A3BA-449B-8845-C2835B0523C1}.Ad-Hoc|iPhoneSimulator.ActiveCfg = Release|Any CPU
		{4F64C816-A3BA-449B-8845-C2835B0523C1}.Ad-Hoc|iPhoneSimulator.Build.0 = Release|Any CPU
		{4F64C816-A3BA-449B-8845-C2835B0523C1}.Ad-Hoc|x64.ActiveCfg = Release|Any CPU
		{4F64C816-A3BA-449B-8845-C2835B0523C1}.Ad-Hoc|x64.Build.0 = Release|Any CPU
		{4F64C816-A3BA-449B-8845-C2835B0523C1}.Ad-Hoc|x86.ActiveCfg = Release|Any CPU
		{4F64C816-A3BA-449B-8845-C2835B0523C1}.Ad-Hoc|x86.Build.0 = Release|Any CPU
		{4F64C816-A3BA-449B-8845-C2835B0523C1}.AppStore|Any CPU.ActiveCfg = Release|Any CPU
		{4F64C816-A3BA-449B-8845-C2835B0523C1}.AppStore|Any CPU.Build.0 = Release|Any CPU
		{4F64C816-A3BA-449B-8845-C2835B0523C1}.AppStore|ARM.ActiveCfg = Release|Any CPU
		{4F64C816-A3BA-449B-8845-C2835B0523C1}.AppStore|ARM.Build.0 = Release|Any CPU
		{4F64C816-A3BA-449B-8845-C2835B0523C1}.AppStore|iPhone.ActiveCfg = Release|Any CPU
		{4F64C816-A3BA-449B-8845-C2835B0523C1}.AppStore|iPhone.Build.0 = Release|Any CPU
		{4F64C816-A3BA-449B-8845-C2835B0523C1}.AppStore|iPhoneSimulator.ActiveCfg = Release|Any CPU
		{4F64C816-A3BA-449B-8845-C2835B0523C1}.AppStore|iPhoneSimulator.Build.0 = Release|Any CPU
		{4F64C816-A3BA-449B-8845-C2835B0523C1}.AppStore|x64.ActiveCfg = Release|Any CPU
		{4F64C816-A3BA-449B-8845-C2835B0523C1}.AppStore|x64.Build.0 = Release|Any CPU
		{4F64C816-A3BA-449B-8845-C2835B0523C1}.AppStore|x86.ActiveCfg = Release|Any CPU
		{4F64C816-A3BA-449B-8845-C2835B0523C1}.AppStore|x86.Build.0 = Release|Any CPU
		{4F64C816-A3BA-449B-8845-C2835B0523C1}.Debug|Any CPU.ActiveCfg = Debug|Any CPU
		{4F64C816-A3BA-449B-8845-C2835B0523C1}.Debug|Any CPU.Build.0 = Debug|Any CPU
		{4F64C816-A3BA-449B-8845-C2835B0523C1}.Debug|ARM.ActiveCfg = Debug|Any CPU
		{4F64C816-A3BA-449B-8845-C2835B0523C1}.Debug|ARM.Build.0 = Debug|Any CPU
		{4F64C816-A3BA-449B-8845-C2835B0523C1}.Debug|iPhone.ActiveCfg = Debug|Any CPU
		{4F64C816-A3BA-449B-8845-C2835B0523C1}.Debug|iPhone.Build.0 = Debug|Any CPU
		{4F64C816-A3BA-449B-8845-C2835B0523C1}.Debug|iPhoneSimulator.ActiveCfg = Debug|Any CPU
		{4F64C816-A3BA-449B-8845-C2835B0523C1}.Debug|iPhoneSimulator.Build.0 = Debug|Any CPU
		{4F64C816-A3BA-449B-8845-C2835B0523C1}.Debug|x64.ActiveCfg = Debug|Any CPU
		{4F64C816-A3BA-449B-8845-C2835B0523C1}.Debug|x64.Build.0 = Debug|Any CPU
		{4F64C816-A3BA-449B-8845-C2835B0523C1}.Debug|x86.ActiveCfg = Debug|Any CPU
		{4F64C816-A3BA-449B-8845-C2835B0523C1}.Debug|x86.Build.0 = Debug|Any CPU
		{4F64C816-A3BA-449B-8845-C2835B0523C1}.Release|Any CPU.ActiveCfg = Release|Any CPU
		{4F64C816-A3BA-449B-8845-C2835B0523C1}.Release|Any CPU.Build.0 = Release|Any CPU
		{4F64C816-A3BA-449B-8845-C2835B0523C1}.Release|ARM.ActiveCfg = Release|Any CPU
		{4F64C816-A3BA-449B-8845-C2835B0523C1}.Release|ARM.Build.0 = Release|Any CPU
		{4F64C816-A3BA-449B-8845-C2835B0523C1}.Release|iPhone.ActiveCfg = Release|Any CPU
		{4F64C816-A3BA-449B-8845-C2835B0523C1}.Release|iPhone.Build.0 = Release|Any CPU
		{4F64C816-A3BA-449B-8845-C2835B0523C1}.Release|iPhoneSimulator.ActiveCfg = Release|Any CPU
		{4F64C816-A3BA-449B-8845-C2835B0523C1}.Release|iPhoneSimulator.Build.0 = Release|Any CPU
		{4F64C816-A3BA-449B-8845-C2835B0523C1}.Release|x64.ActiveCfg = Release|Any CPU
		{4F64C816-A3BA-449B-8845-C2835B0523C1}.Release|x64.Build.0 = Release|Any CPU
		{4F64C816-A3BA-449B-8845-C2835B0523C1}.Release|x86.ActiveCfg = Release|Any CPU
		{4F64C816-A3BA-449B-8845-C2835B0523C1}.Release|x86.Build.0 = Release|Any CPU
	EndGlobalSection
	GlobalSection(SolutionProperties) = preSolution
		HideSolutionNode = FALSE
	EndGlobalSection
EndGlobal
