
Microsoft Visual Studio Solution File, Format Version 12.00
# Visual Studio 14
VisualStudioVersion = 14.0.25420.1
MinimumVisualStudioVersion = 10.0.40219.1
Project("{FAE04EC0-301F-11D3-BF4B-00C04F79EFBC}") = "PostAnythingApp.Droid", "PostAnythingApp\PostAnythingApp.Droid\PostAnythingApp.Droid.csproj", "{DD9A23D4-2B0F-4688-ACDE-815514EBFB80}"
EndProject
Project("{FAE04EC0-301F-11D3-BF4B-00C04F79EFBC}") = "PostAnythingApp.iOS", "PostAnythingApp\PostAnythingApp.iOS\PostAnythingApp.iOS.csproj", "{8F0313ED-BE2C-4A71-AACE-5FA36D81CF00}"
EndProject
Project("{FAE04EC0-301F-11D3-BF4B-00C04F79EFBC}") = "PostAnythingApp.WinPhone", "PostAnythingApp\PostAnythingApp.WinPhone\PostAnythingApp.WinPhone.csproj", "{ED91ED25-9C6C-4FD5-8F90-4933F9D38C9A}"
EndProject
Project("{FAE04EC0-301F-11D3-BF4B-00C04F79EFBC}") = "PostAnythingApp.UWP", "PostAnythingApp\PostAnythingApp.UWP\PostAnythingApp.UWP.csproj", "{83FB5D74-534B-4644-917F-B0042158C1C9}"
EndProject
Project("{FAE04EC0-301F-11D3-BF4B-00C04F79EFBC}") = "PostAnythingApp.Windows", "PostAnythingApp\PostAnythingApp.Windows\PostAnythingApp.Windows.csproj", "{93F114B2-F2E1-4253-BE03-195AC33DDA4D}"
EndProject
Project("{FAE04EC0-301F-11D3-BF4B-00C04F79EFBC}") = "PostAnythingApp", "PostAnythingApp\PostAnythingApp\PostAnythingApp.csproj", "{079D7AE2-B182-4DE0-8A4A-2735D6B7A832}"
EndProject
Project("{FAE04EC0-301F-11D3-BF4B-00C04F79EFBC}") = "PostAnythingApp.Service", "PostAnythingApp.Service\PostAnythingApp.Service.csproj", "{60FC7807-91D8-4384-9F1C-5B581C44FEF0}"
EndProject
Global
	GlobalSection(SolutionConfigurationPlatforms) = preSolution
		Ad-Hoc|Any CPU = Ad-Hoc|Any CPU
		Ad-Hoc|ARM = Ad-Hoc|ARM
		Ad-Hoc|iPhone = Ad-Hoc|iPhone
		Ad-Hoc|iPhoneSimulator = Ad-Hoc|iPhoneSimulator
		Ad-Hoc|x64 = Ad-Hoc|x64
		Ad-Hoc|x86 = Ad-Hoc|x86
		AppStore|Any CPU = AppStore|Any CPU
		AppStore|ARM = AppStore|ARM
		AppStore|iPhone = AppStore|iPhone
		AppStore|iPhoneSimulator = AppStore|iPhoneSimulator
		AppStore|x64 = AppStore|x64
		AppStore|x86 = AppStore|x86
		Debug|Any CPU = Debug|Any CPU
		Debug|ARM = Debug|ARM
		Debug|iPhone = Debug|iPhone
		Debug|iPhoneSimulator = Debug|iPhoneSimulator
		Debug|x64 = Debug|x64
		Debug|x86 = Debug|x86
		Release|Any CPU = Release|Any CPU
		Release|ARM = Release|ARM
		Release|iPhone = Release|iPhone
		Release|iPhoneSimulator = Release|iPhoneSimulator
		Release|x64 = Release|x64
		Release|x86 = Release|x86
	EndGlobalSection
	GlobalSection(ProjectConfigurationPlatforms) = postSolution
		{DD9A23D4-2B0F-4688-ACDE-815514EBFB80}.Ad-Hoc|Any CPU.ActiveCfg = Release|Any CPU
		{DD9A23D4-2B0F-4688-ACDE-815514EBFB80}.Ad-Hoc|Any CPU.Build.0 = Release|Any CPU
		{DD9A23D4-2B0F-4688-ACDE-815514EBFB80}.Ad-Hoc|Any CPU.Deploy.0 = Release|Any CPU
		{DD9A23D4-2B0F-4688-ACDE-815514EBFB80}.Ad-Hoc|ARM.ActiveCfg = Release|Any CPU
		{DD9A23D4-2B0F-4688-ACDE-815514EBFB80}.Ad-Hoc|ARM.Build.0 = Release|Any CPU
		{DD9A23D4-2B0F-4688-ACDE-815514EBFB80}.Ad-Hoc|ARM.Deploy.0 = Release|Any CPU
		{DD9A23D4-2B0F-4688-ACDE-815514EBFB80}.Ad-Hoc|iPhone.ActiveCfg = Release|Any CPU
		{DD9A23D4-2B0F-4688-ACDE-815514EBFB80}.Ad-Hoc|iPhone.Build.0 = Release|Any CPU
		{DD9A23D4-2B0F-4688-ACDE-815514EBFB80}.Ad-Hoc|iPhone.Deploy.0 = Release|Any CPU
		{DD9A23D4-2B0F-4688-ACDE-815514EBFB80}.Ad-Hoc|iPhoneSimulator.ActiveCfg = Release|Any CPU
		{DD9A23D4-2B0F-4688-ACDE-815514EBFB80}.Ad-Hoc|iPhoneSimulator.Build.0 = Release|Any CPU
		{DD9A23D4-2B0F-4688-ACDE-815514EBFB80}.Ad-Hoc|iPhoneSimulator.Deploy.0 = Release|Any CPU
		{DD9A23D4-2B0F-4688-ACDE-815514EBFB80}.Ad-Hoc|x64.ActiveCfg = Release|Any CPU
		{DD9A23D4-2B0F-4688-ACDE-815514EBFB80}.Ad-Hoc|x64.Build.0 = Release|Any CPU
		{DD9A23D4-2B0F-4688-ACDE-815514EBFB80}.Ad-Hoc|x64.Deploy.0 = Release|Any CPU
		{DD9A23D4-2B0F-4688-ACDE-815514EBFB80}.Ad-Hoc|x86.ActiveCfg = Release|Any CPU
		{DD9A23D4-2B0F-4688-ACDE-815514EBFB80}.Ad-Hoc|x86.Build.0 = Release|Any CPU
		{DD9A23D4-2B0F-4688-ACDE-815514EBFB80}.Ad-Hoc|x86.Deploy.0 = Release|Any CPU
		{DD9A23D4-2B0F-4688-ACDE-815514EBFB80}.AppStore|Any CPU.ActiveCfg = Release|Any CPU
		{DD9A23D4-2B0F-4688-ACDE-815514EBFB80}.AppStore|Any CPU.Build.0 = Release|Any CPU
		{DD9A23D4-2B0F-4688-ACDE-815514EBFB80}.AppStore|Any CPU.Deploy.0 = Release|Any CPU
		{DD9A23D4-2B0F-4688-ACDE-815514EBFB80}.AppStore|ARM.ActiveCfg = Release|Any CPU
		{DD9A23D4-2B0F-4688-ACDE-815514EBFB80}.AppStore|ARM.Build.0 = Release|Any CPU
		{DD9A23D4-2B0F-4688-ACDE-815514EBFB80}.AppStore|ARM.Deploy.0 = Release|Any CPU
		{DD9A23D4-2B0F-4688-ACDE-815514EBFB80}.AppStore|iPhone.ActiveCfg = Release|Any CPU
		{DD9A23D4-2B0F-4688-ACDE-815514EBFB80}.AppStore|iPhone.Build.0 = Release|Any CPU
		{DD9A23D4-2B0F-4688-ACDE-815514EBFB80}.AppStore|iPhone.Deploy.0 = Release|Any CPU
		{DD9A23D4-2B0F-4688-ACDE-815514EBFB80}.AppStore|iPhoneSimulator.ActiveCfg = Release|Any CPU
		{DD9A23D4-2B0F-4688-ACDE-815514EBFB80}.AppStore|iPhoneSimulator.Build.0 = Release|Any CPU
		{DD9A23D4-2B0F-4688-ACDE-815514EBFB80}.AppStore|iPhoneSimulator.Deploy.0 = Release|Any CPU
		{DD9A23D4-2B0F-4688-ACDE-815514EBFB80}.AppStore|x64.ActiveCfg = Release|Any CPU
		{DD9A23D4-2B0F-4688-ACDE-815514EBFB80}.AppStore|x64.Build.0 = Release|Any CPU
		{DD9A23D4-2B0F-4688-ACDE-815514EBFB80}.AppStore|x64.Deploy.0 = Release|Any CPU
		{DD9A23D4-2B0F-4688-ACDE-815514EBFB80}.AppStore|x86.ActiveCfg = Release|Any CPU
		{DD9A23D4-2B0F-4688-ACDE-815514EBFB80}.AppStore|x86.Build.0 = Release|Any CPU
		{DD9A23D4-2B0F-4688-ACDE-815514EBFB80}.AppStore|x86.Deploy.0 = Release|Any CPU
		{DD9A23D4-2B0F-4688-ACDE-815514EBFB80}.Debug|Any CPU.ActiveCfg = Debug|Any CPU
		{DD9A23D4-2B0F-4688-ACDE-815514EBFB80}.Debug|Any CPU.Build.0 = Debug|Any CPU
		{DD9A23D4-2B0F-4688-ACDE-815514EBFB80}.Debug|Any CPU.Deploy.0 = Debug|Any CPU
		{DD9A23D4-2B0F-4688-ACDE-815514EBFB80}.Debug|ARM.ActiveCfg = Debug|Any CPU
		{DD9A23D4-2B0F-4688-ACDE-815514EBFB80}.Debug|ARM.Build.0 = Debug|Any CPU
		{DD9A23D4-2B0F-4688-ACDE-815514EBFB80}.Debug|ARM.Deploy.0 = Debug|Any CPU
		{DD9A23D4-2B0F-4688-ACDE-815514EBFB80}.Debug|iPhone.ActiveCfg = Debug|Any CPU
		{DD9A23D4-2B0F-4688-ACDE-815514EBFB80}.Debug|iPhone.Build.0 = Debug|Any CPU
		{DD9A23D4-2B0F-4688-ACDE-815514EBFB80}.Debug|iPhone.Deploy.0 = Debug|Any CPU
		{DD9A23D4-2B0F-4688-ACDE-815514EBFB80}.Debug|iPhoneSimulator.ActiveCfg = Debug|Any CPU
		{DD9A23D4-2B0F-4688-ACDE-815514EBFB80}.Debug|iPhoneSimulator.Build.0 = Debug|Any CPU
		{DD9A23D4-2B0F-4688-ACDE-815514EBFB80}.Debug|iPhoneSimulator.Deploy.0 = Debug|Any CPU
		{DD9A23D4-2B0F-4688-ACDE-815514EBFB80}.Debug|x64.ActiveCfg = Debug|Any CPU
		{DD9A23D4-2B0F-4688-ACDE-815514EBFB80}.Debug|x64.Build.0 = Debug|Any CPU
		{DD9A23D4-2B0F-4688-ACDE-815514EBFB80}.Debug|x64.Deploy.0 = Debug|Any CPU
		{DD9A23D4-2B0F-4688-ACDE-815514EBFB80}.Debug|x86.ActiveCfg = Debug|Any CPU
		{DD9A23D4-2B0F-4688-ACDE-815514EBFB80}.Debug|x86.Build.0 = Debug|Any CPU
		{DD9A23D4-2B0F-4688-ACDE-815514EBFB80}.Debug|x86.Deploy.0 = Debug|Any CPU
		{DD9A23D4-2B0F-4688-ACDE-815514EBFB80}.Release|Any CPU.ActiveCfg = Release|Any CPU
		{DD9A23D4-2B0F-4688-ACDE-815514EBFB80}.Release|Any CPU.Build.0 = Release|Any CPU
		{DD9A23D4-2B0F-4688-ACDE-815514EBFB80}.Release|Any CPU.Deploy.0 = Release|Any CPU
		{DD9A23D4-2B0F-4688-ACDE-815514EBFB80}.Release|ARM.ActiveCfg = Release|Any CPU
		{DD9A23D4-2B0F-4688-ACDE-815514EBFB80}.Release|ARM.Build.0 = Release|Any CPU
		{DD9A23D4-2B0F-4688-ACDE-815514EBFB80}.Release|ARM.Deploy.0 = Release|Any CPU
		{DD9A23D4-2B0F-4688-ACDE-815514EBFB80}.Release|iPhone.ActiveCfg = Release|Any CPU
		{DD9A23D4-2B0F-4688-ACDE-815514EBFB80}.Release|iPhone.Build.0 = Release|Any CPU
		{DD9A23D4-2B0F-4688-ACDE-815514EBFB80}.Release|iPhone.Deploy.0 = Release|Any CPU
		{DD9A23D4-2B0F-4688-ACDE-815514EBFB80}.Release|iPhoneSimulator.ActiveCfg = Release|Any CPU
		{DD9A23D4-2B0F-4688-ACDE-815514EBFB80}.Release|iPhoneSimulator.Build.0 = Release|Any CPU
		{DD9A23D4-2B0F-4688-ACDE-815514EBFB80}.Release|iPhoneSimulator.Deploy.0 = Release|Any CPU
		{DD9A23D4-2B0F-4688-ACDE-815514EBFB80}.Release|x64.ActiveCfg = Release|Any CPU
		{DD9A23D4-2B0F-4688-ACDE-815514EBFB80}.Release|x64.Build.0 = Release|Any CPU
		{DD9A23D4-2B0F-4688-ACDE-815514EBFB80}.Release|x64.Deploy.0 = Release|Any CPU
		{DD9A23D4-2B0F-4688-ACDE-815514EBFB80}.Release|x86.ActiveCfg = Release|Any CPU
		{DD9A23D4-2B0F-4688-ACDE-815514EBFB80}.Release|x86.Build.0 = Release|Any CPU
		{DD9A23D4-2B0F-4688-ACDE-815514EBFB80}.Release|x86.Deploy.0 = Release|Any CPU
		{8F0313ED-BE2C-4A71-AACE-5FA36D81CF00}.Ad-Hoc|Any CPU.ActiveCfg = Ad-Hoc|iPhone
		{8F0313ED-BE2C-4A71-AACE-5FA36D81CF00}.Ad-Hoc|ARM.ActiveCfg = Ad-Hoc|iPhone
		{8F0313ED-BE2C-4A71-AACE-5FA36D81CF00}.Ad-Hoc|iPhone.ActiveCfg = Ad-Hoc|iPhone
		{8F0313ED-BE2C-4A71-AACE-5FA36D81CF00}.Ad-Hoc|iPhone.Build.0 = Ad-Hoc|iPhone
		{8F0313ED-BE2C-4A71-AACE-5FA36D81CF00}.Ad-Hoc|iPhoneSimulator.ActiveCfg = Ad-Hoc|iPhoneSimulator
		{8F0313ED-BE2C-4A71-AACE-5FA36D81CF00}.Ad-Hoc|iPhoneSimulator.Build.0 = Ad-Hoc|iPhoneSimulator
		{8F0313ED-BE2C-4A71-AACE-5FA36D81CF00}.Ad-Hoc|x64.ActiveCfg = Ad-Hoc|iPhone
		{8F0313ED-BE2C-4A71-AACE-5FA36D81CF00}.Ad-Hoc|x86.ActiveCfg = Ad-Hoc|iPhone
		{8F0313ED-BE2C-4A71-AACE-5FA36D81CF00}.AppStore|Any CPU.ActiveCfg = AppStore|iPhone
		{8F0313ED-BE2C-4A71-AACE-5FA36D81CF00}.AppStore|ARM.ActiveCfg = AppStore|iPhone
		{8F0313ED-BE2C-4A71-AACE-5FA36D81CF00}.AppStore|iPhone.ActiveCfg = AppStore|iPhone
		{8F0313ED-BE2C-4A71-AACE-5FA36D81CF00}.AppStore|iPhone.Build.0 = AppStore|iPhone
		{8F0313ED-BE2C-4A71-AACE-5FA36D81CF00}.AppStore|iPhoneSimulator.ActiveCfg = AppStore|iPhoneSimulator
		{8F0313ED-BE2C-4A71-AACE-5FA36D81CF00}.AppStore|iPhoneSimulator.Build.0 = AppStore|iPhoneSimulator
		{8F0313ED-BE2C-4A71-AACE-5FA36D81CF00}.AppStore|x64.ActiveCfg = AppStore|iPhone
		{8F0313ED-BE2C-4A71-AACE-5FA36D81CF00}.AppStore|x86.ActiveCfg = AppStore|iPhone
		{8F0313ED-BE2C-4A71-AACE-5FA36D81CF00}.Debug|Any CPU.ActiveCfg = Debug|iPhone
		{8F0313ED-BE2C-4A71-AACE-5FA36D81CF00}.Debug|ARM.ActiveCfg = Debug|iPhone
		{8F0313ED-BE2C-4A71-AACE-5FA36D81CF00}.Debug|iPhone.ActiveCfg = Debug|iPhone
		{8F0313ED-BE2C-4A71-AACE-5FA36D81CF00}.Debug|iPhone.Build.0 = Debug|iPhone
		{8F0313ED-BE2C-4A71-AACE-5FA36D81CF00}.Debug|iPhoneSimulator.ActiveCfg = Debug|iPhoneSimulator
		{8F0313ED-BE2C-4A71-AACE-5FA36D81CF00}.Debug|iPhoneSimulator.Build.0 = Debug|iPhoneSimulator
		{8F0313ED-BE2C-4A71-AACE-5FA36D81CF00}.Debug|x64.ActiveCfg = Debug|iPhone
		{8F0313ED-BE2C-4A71-AACE-5FA36D81CF00}.Debug|x86.ActiveCfg = Debug|iPhone
		{8F0313ED-BE2C-4A71-AACE-5FA36D81CF00}.Release|Any CPU.ActiveCfg = Release|iPhone
		{8F0313ED-BE2C-4A71-AACE-5FA36D81CF00}.Release|ARM.ActiveCfg = Release|iPhone
		{8F0313ED-BE2C-4A71-AACE-5FA36D81CF00}.Release|iPhone.ActiveCfg = Release|iPhone
		{8F0313ED-BE2C-4A71-AACE-5FA36D81CF00}.Release|iPhone.Build.0 = Release|iPhone
		{8F0313ED-BE2C-4A71-AACE-5FA36D81CF00}.Release|iPhoneSimulator.ActiveCfg = Release|iPhoneSimulator
		{8F0313ED-BE2C-4A71-AACE-5FA36D81CF00}.Release|iPhoneSimulator.Build.0 = Release|iPhoneSimulator
		{8F0313ED-BE2C-4A71-AACE-5FA36D81CF00}.Release|x64.ActiveCfg = Release|iPhone
		{8F0313ED-BE2C-4A71-AACE-5FA36D81CF00}.Release|x86.ActiveCfg = Release|iPhone
		{ED91ED25-9C6C-4FD5-8F90-4933F9D38C9A}.Ad-Hoc|Any CPU.ActiveCfg = Release|Any CPU
		{ED91ED25-9C6C-4FD5-8F90-4933F9D38C9A}.Ad-Hoc|Any CPU.Build.0 = Release|Any CPU
		{ED91ED25-9C6C-4FD5-8F90-4933F9D38C9A}.Ad-Hoc|Any CPU.Deploy.0 = Release|Any CPU
		{ED91ED25-9C6C-4FD5-8F90-4933F9D38C9A}.Ad-Hoc|ARM.ActiveCfg = Release|ARM
		{ED91ED25-9C6C-4FD5-8F90-4933F9D38C9A}.Ad-Hoc|ARM.Build.0 = Release|ARM
		{ED91ED25-9C6C-4FD5-8F90-4933F9D38C9A}.Ad-Hoc|ARM.Deploy.0 = Release|ARM
		{ED91ED25-9C6C-4FD5-8F90-4933F9D38C9A}.Ad-Hoc|iPhone.ActiveCfg = Release|Any CPU
		{ED91ED25-9C6C-4FD5-8F90-4933F9D38C9A}.Ad-Hoc|iPhone.Build.0 = Release|Any CPU
		{ED91ED25-9C6C-4FD5-8F90-4933F9D38C9A}.Ad-Hoc|iPhone.Deploy.0 = Release|Any CPU
		{ED91ED25-9C6C-4FD5-8F90-4933F9D38C9A}.Ad-Hoc|iPhoneSimulator.ActiveCfg = Release|Any CPU
		{ED91ED25-9C6C-4FD5-8F90-4933F9D38C9A}.Ad-Hoc|iPhoneSimulator.Build.0 = Release|Any CPU
		{ED91ED25-9C6C-4FD5-8F90-4933F9D38C9A}.Ad-Hoc|iPhoneSimulator.Deploy.0 = Release|Any CPU
		{ED91ED25-9C6C-4FD5-8F90-4933F9D38C9A}.Ad-Hoc|x64.ActiveCfg = Release|Any CPU
		{ED91ED25-9C6C-4FD5-8F90-4933F9D38C9A}.Ad-Hoc|x64.Build.0 = Release|Any CPU
		{ED91ED25-9C6C-4FD5-8F90-4933F9D38C9A}.Ad-Hoc|x64.Deploy.0 = Release|Any CPU
		{ED91ED25-9C6C-4FD5-8F90-4933F9D38C9A}.Ad-Hoc|x86.ActiveCfg = Release|x86
		{ED91ED25-9C6C-4FD5-8F90-4933F9D38C9A}.Ad-Hoc|x86.Build.0 = Release|x86
		{ED91ED25-9C6C-4FD5-8F90-4933F9D38C9A}.Ad-Hoc|x86.Deploy.0 = Release|x86
		{ED91ED25-9C6C-4FD5-8F90-4933F9D38C9A}.AppStore|Any CPU.ActiveCfg = Release|Any CPU
		{ED91ED25-9C6C-4FD5-8F90-4933F9D38C9A}.AppStore|Any CPU.Build.0 = Release|Any CPU
		{ED91ED25-9C6C-4FD5-8F90-4933F9D38C9A}.AppStore|Any CPU.Deploy.0 = Release|Any CPU
		{ED91ED25-9C6C-4FD5-8F90-4933F9D38C9A}.AppStore|ARM.ActiveCfg = Release|ARM
		{ED91ED25-9C6C-4FD5-8F90-4933F9D38C9A}.AppStore|ARM.Build.0 = Release|ARM
		{ED91ED25-9C6C-4FD5-8F90-4933F9D38C9A}.AppStore|ARM.Deploy.0 = Release|ARM
		{ED91ED25-9C6C-4FD5-8F90-4933F9D38C9A}.AppStore|iPhone.ActiveCfg = Release|Any CPU
		{ED91ED25-9C6C-4FD5-8F90-4933F9D38C9A}.AppStore|iPhone.Build.0 = Release|Any CPU
		{ED91ED25-9C6C-4FD5-8F90-4933F9D38C9A}.AppStore|iPhone.Deploy.0 = Release|Any CPU
		{ED91ED25-9C6C-4FD5-8F90-4933F9D38C9A}.AppStore|iPhoneSimulator.ActiveCfg = Release|Any CPU
		{ED91ED25-9C6C-4FD5-8F90-4933F9D38C9A}.AppStore|iPhoneSimulator.Build.0 = Release|Any CPU
		{ED91ED25-9C6C-4FD5-8F90-4933F9D38C9A}.AppStore|iPhoneSimulator.Deploy.0 = Release|Any CPU
		{ED91ED25-9C6C-4FD5-8F90-4933F9D38C9A}.AppStore|x64.ActiveCfg = Release|Any CPU
		{ED91ED25-9C6C-4FD5-8F90-4933F9D38C9A}.AppStore|x64.Build.0 = Release|Any CPU
		{ED91ED25-9C6C-4FD5-8F90-4933F9D38C9A}.AppStore|x64.Deploy.0 = Release|Any CPU
		{ED91ED25-9C6C-4FD5-8F90-4933F9D38C9A}.AppStore|x86.ActiveCfg = Release|x86
		{ED91ED25-9C6C-4FD5-8F90-4933F9D38C9A}.AppStore|x86.Build.0 = Release|x86
		{ED91ED25-9C6C-4FD5-8F90-4933F9D38C9A}.AppStore|x86.Deploy.0 = Release|x86
		{ED91ED25-9C6C-4FD5-8F90-4933F9D38C9A}.Debug|Any CPU.ActiveCfg = Debug|Any CPU
		{ED91ED25-9C6C-4FD5-8F90-4933F9D38C9A}.Debug|Any CPU.Build.0 = Debug|Any CPU
		{ED91ED25-9C6C-4FD5-8F90-4933F9D38C9A}.Debug|Any CPU.Deploy.0 = Debug|Any CPU
		{ED91ED25-9C6C-4FD5-8F90-4933F9D38C9A}.Debug|ARM.ActiveCfg = Debug|ARM
		{ED91ED25-9C6C-4FD5-8F90-4933F9D38C9A}.Debug|ARM.Build.0 = Debug|ARM
		{ED91ED25-9C6C-4FD5-8F90-4933F9D38C9A}.Debug|ARM.Deploy.0 = Debug|ARM
		{ED91ED25-9C6C-4FD5-8F90-4933F9D38C9A}.Debug|iPhone.ActiveCfg = Debug|Any CPU
		{ED91ED25-9C6C-4FD5-8F90-4933F9D38C9A}.Debug|iPhone.Build.0 = Debug|Any CPU
		{ED91ED25-9C6C-4FD5-8F90-4933F9D38C9A}.Debug|iPhone.Deploy.0 = Debug|Any CPU
		{ED91ED25-9C6C-4FD5-8F90-4933F9D38C9A}.Debug|iPhoneSimulator.ActiveCfg = Debug|Any CPU
		{ED91ED25-9C6C-4FD5-8F90-4933F9D38C9A}.Debug|iPhoneSimulator.Build.0 = Debug|Any CPU
		{ED91ED25-9C6C-4FD5-8F90-4933F9D38C9A}.Debug|iPhoneSimulator.Deploy.0 = Debug|Any CPU
		{ED91ED25-9C6C-4FD5-8F90-4933F9D38C9A}.Debug|x64.ActiveCfg = Debug|Any CPU
		{ED91ED25-9C6C-4FD5-8F90-4933F9D38C9A}.Debug|x64.Build.0 = Debug|Any CPU
		{ED91ED25-9C6C-4FD5-8F90-4933F9D38C9A}.Debug|x64.Deploy.0 = Debug|Any CPU
		{ED91ED25-9C6C-4FD5-8F90-4933F9D38C9A}.Debug|x86.ActiveCfg = Debug|x86
		{ED91ED25-9C6C-4FD5-8F90-4933F9D38C9A}.Debug|x86.Build.0 = Debug|x86
		{ED91ED25-9C6C-4FD5-8F90-4933F9D38C9A}.Debug|x86.Deploy.0 = Debug|x86
		{ED91ED25-9C6C-4FD5-8F90-4933F9D38C9A}.Release|Any CPU.ActiveCfg = Release|Any CPU
		{ED91ED25-9C6C-4FD5-8F90-4933F9D38C9A}.Release|Any CPU.Build.0 = Release|Any CPU
		{ED91ED25-9C6C-4FD5-8F90-4933F9D38C9A}.Release|Any CPU.Deploy.0 = Release|Any CPU
		{ED91ED25-9C6C-4FD5-8F90-4933F9D38C9A}.Release|ARM.ActiveCfg = Release|ARM
		{ED91ED25-9C6C-4FD5-8F90-4933F9D38C9A}.Release|ARM.Build.0 = Release|ARM
		{ED91ED25-9C6C-4FD5-8F90-4933F9D38C9A}.Release|ARM.Deploy.0 = Release|ARM
		{ED91ED25-9C6C-4FD5-8F90-4933F9D38C9A}.Release|iPhone.ActiveCfg = Release|Any CPU
		{ED91ED25-9C6C-4FD5-8F90-4933F9D38C9A}.Release|iPhone.Build.0 = Release|Any CPU
		{ED91ED25-9C6C-4FD5-8F90-4933F9D38C9A}.Release|iPhone.Deploy.0 = Release|Any CPU
		{ED91ED25-9C6C-4FD5-8F90-4933F9D38C9A}.Release|iPhoneSimulator.ActiveCfg = Release|Any CPU
		{ED91ED25-9C6C-4FD5-8F90-4933F9D38C9A}.Release|iPhoneSimulator.Build.0 = Release|Any CPU
		{ED91ED25-9C6C-4FD5-8F90-4933F9D38C9A}.Release|iPhoneSimulator.Deploy.0 = Release|Any CPU
		{ED91ED25-9C6C-4FD5-8F90-4933F9D38C9A}.Release|x64.ActiveCfg = Release|Any CPU
		{ED91ED25-9C6C-4FD5-8F90-4933F9D38C9A}.Release|x64.Build.0 = Release|Any CPU
		{ED91ED25-9C6C-4FD5-8F90-4933F9D38C9A}.Release|x64.Deploy.0 = Release|Any CPU
		{ED91ED25-9C6C-4FD5-8F90-4933F9D38C9A}.Release|x86.ActiveCfg = Release|x86
		{ED91ED25-9C6C-4FD5-8F90-4933F9D38C9A}.Release|x86.Build.0 = Release|x86
		{ED91ED25-9C6C-4FD5-8F90-4933F9D38C9A}.Release|x86.Deploy.0 = Release|x86
		{83FB5D74-534B-4644-917F-B0042158C1C9}.Ad-Hoc|Any CPU.ActiveCfg = Release|x86
		{83FB5D74-534B-4644-917F-B0042158C1C9}.Ad-Hoc|Any CPU.Build.0 = Release|x86
		{83FB5D74-534B-4644-917F-B0042158C1C9}.Ad-Hoc|Any CPU.Deploy.0 = Release|x86
		{83FB5D74-534B-4644-917F-B0042158C1C9}.Ad-Hoc|ARM.ActiveCfg = Release|ARM
		{83FB5D74-534B-4644-917F-B0042158C1C9}.Ad-Hoc|ARM.Build.0 = Release|ARM
		{83FB5D74-534B-4644-917F-B0042158C1C9}.Ad-Hoc|ARM.Deploy.0 = Release|ARM
		{83FB5D74-534B-4644-917F-B0042158C1C9}.Ad-Hoc|iPhone.ActiveCfg = Release|x86
		{83FB5D74-534B-4644-917F-B0042158C1C9}.Ad-Hoc|iPhone.Build.0 = Release|x86
		{83FB5D74-534B-4644-917F-B0042158C1C9}.Ad-Hoc|iPhone.Deploy.0 = Release|x86
		{83FB5D74-534B-4644-917F-B0042158C1C9}.Ad-Hoc|iPhoneSimulator.ActiveCfg = Release|x86
		{83FB5D74-534B-4644-917F-B0042158C1C9}.Ad-Hoc|iPhoneSimulator.Build.0 = Release|x86
		{83FB5D74-534B-4644-917F-B0042158C1C9}.Ad-Hoc|iPhoneSimulator.Deploy.0 = Release|x86
		{83FB5D74-534B-4644-917F-B0042158C1C9}.Ad-Hoc|x64.ActiveCfg = Release|x64
		{83FB5D74-534B-4644-917F-B0042158C1C9}.Ad-Hoc|x64.Build.0 = Release|x64
		{83FB5D74-534B-4644-917F-B0042158C1C9}.Ad-Hoc|x64.Deploy.0 = Release|x64
		{83FB5D74-534B-4644-917F-B0042158C1C9}.Ad-Hoc|x86.ActiveCfg = Release|x86
		{83FB5D74-534B-4644-917F-B0042158C1C9}.Ad-Hoc|x86.Build.0 = Release|x86
		{83FB5D74-534B-4644-917F-B0042158C1C9}.Ad-Hoc|x86.Deploy.0 = Release|x86
		{83FB5D74-534B-4644-917F-B0042158C1C9}.AppStore|Any CPU.ActiveCfg = Release|x86
		{83FB5D74-534B-4644-917F-B0042158C1C9}.AppStore|Any CPU.Build.0 = Release|x86
		{83FB5D74-534B-4644-917F-B0042158C1C9}.AppStore|Any CPU.Deploy.0 = Release|x86
		{83FB5D74-534B-4644-917F-B0042158C1C9}.AppStore|ARM.ActiveCfg = Release|ARM
		{83FB5D74-534B-4644-917F-B0042158C1C9}.AppStore|ARM.Build.0 = Release|ARM
		{83FB5D74-534B-4644-917F-B0042158C1C9}.AppStore|ARM.Deploy.0 = Release|ARM
		{83FB5D74-534B-4644-917F-B0042158C1C9}.AppStore|iPhone.ActiveCfg = Release|x86
		{83FB5D74-534B-4644-917F-B0042158C1C9}.AppStore|iPhone.Build.0 = Release|x86
		{83FB5D74-534B-4644-917F-B0042158C1C9}.AppStore|iPhone.Deploy.0 = Release|x86
		{83FB5D74-534B-4644-917F-B0042158C1C9}.AppStore|iPhoneSimulator.ActiveCfg = Release|x86
		{83FB5D74-534B-4644-917F-B0042158C1C9}.AppStore|iPhoneSimulator.Build.0 = Release|x86
		{83FB5D74-534B-4644-917F-B0042158C1C9}.AppStore|iPhoneSimulator.Deploy.0 = Release|x86
		{83FB5D74-534B-4644-917F-B0042158C1C9}.AppStore|x64.ActiveCfg = Release|x64
		{83FB5D74-534B-4644-917F-B0042158C1C9}.AppStore|x64.Build.0 = Release|x64
		{83FB5D74-534B-4644-917F-B0042158C1C9}.AppStore|x64.Deploy.0 = Release|x64
		{83FB5D74-534B-4644-917F-B0042158C1C9}.AppStore|x86.ActiveCfg = Release|x86
		{83FB5D74-534B-4644-917F-B0042158C1C9}.AppStore|x86.Build.0 = Release|x86
		{83FB5D74-534B-4644-917F-B0042158C1C9}.AppStore|x86.Deploy.0 = Release|x86
		{83FB5D74-534B-4644-917F-B0042158C1C9}.Debug|Any CPU.ActiveCfg = Debug|x86
		{83FB5D74-534B-4644-917F-B0042158C1C9}.Debug|ARM.ActiveCfg = Debug|ARM
		{83FB5D74-534B-4644-917F-B0042158C1C9}.Debug|ARM.Build.0 = Debug|ARM
		{83FB5D74-534B-4644-917F-B0042158C1C9}.Debug|ARM.Deploy.0 = Debug|ARM
		{83FB5D74-534B-4644-917F-B0042158C1C9}.Debug|iPhone.ActiveCfg = Debug|x86
		{83FB5D74-534B-4644-917F-B0042158C1C9}.Debug|iPhoneSimulator.ActiveCfg = Debug|x86
		{83FB5D74-534B-4644-917F-B0042158C1C9}.Debug|x64.ActiveCfg = Debug|x64
		{83FB5D74-534B-4644-917F-B0042158C1C9}.Debug|x64.Build.0 = Debug|x64
		{83FB5D74-534B-4644-917F-B0042158C1C9}.Debug|x64.Deploy.0 = Debug|x64
		{83FB5D74-534B-4644-917F-B0042158C1C9}.Debug|x86.ActiveCfg = Debug|x86
		{83FB5D74-534B-4644-917F-B0042158C1C9}.Debug|x86.Build.0 = Debug|x86
		{83FB5D74-534B-4644-917F-B0042158C1C9}.Debug|x86.Deploy.0 = Debug|x86
		{83FB5D74-534B-4644-917F-B0042158C1C9}.Release|Any CPU.ActiveCfg = Release|x86
		{83FB5D74-534B-4644-917F-B0042158C1C9}.Release|ARM.ActiveCfg = Release|ARM
		{83FB5D74-534B-4644-917F-B0042158C1C9}.Release|ARM.Build.0 = Release|ARM
		{83FB5D74-534B-4644-917F-B0042158C1C9}.Release|ARM.Deploy.0 = Release|ARM
		{83FB5D74-534B-4644-917F-B0042158C1C9}.Release|iPhone.ActiveCfg = Release|x86
		{83FB5D74-534B-4644-917F-B0042158C1C9}.Release|iPhoneSimulator.ActiveCfg = Release|x86
		{83FB5D74-534B-4644-917F-B0042158C1C9}.Release|x64.ActiveCfg = Release|x64
		{83FB5D74-534B-4644-917F-B0042158C1C9}.Release|x64.Build.0 = Release|x64
		{83FB5D74-534B-4644-917F-B0042158C1C9}.Release|x64.Deploy.0 = Release|x64
		{83FB5D74-534B-4644-917F-B0042158C1C9}.Release|x86.ActiveCfg = Release|x86
		{83FB5D74-534B-4644-917F-B0042158C1C9}.Release|x86.Build.0 = Release|x86
		{83FB5D74-534B-4644-917F-B0042158C1C9}.Release|x86.Deploy.0 = Release|x86
		{93F114B2-F2E1-4253-BE03-195AC33DDA4D}.Ad-Hoc|Any CPU.ActiveCfg = Release|Any CPU
		{93F114B2-F2E1-4253-BE03-195AC33DDA4D}.Ad-Hoc|Any CPU.Build.0 = Release|Any CPU
		{93F114B2-F2E1-4253-BE03-195AC33DDA4D}.Ad-Hoc|Any CPU.Deploy.0 = Release|Any CPU
		{93F114B2-F2E1-4253-BE03-195AC33DDA4D}.Ad-Hoc|ARM.ActiveCfg = Release|ARM
		{93F114B2-F2E1-4253-BE03-195AC33DDA4D}.Ad-Hoc|ARM.Build.0 = Release|ARM
		{93F114B2-F2E1-4253-BE03-195AC33DDA4D}.Ad-Hoc|ARM.Deploy.0 = Release|ARM
		{93F114B2-F2E1-4253-BE03-195AC33DDA4D}.Ad-Hoc|iPhone.ActiveCfg = Release|Any CPU
		{93F114B2-F2E1-4253-BE03-195AC33DDA4D}.Ad-Hoc|iPhone.Build.0 = Release|Any CPU
		{93F114B2-F2E1-4253-BE03-195AC33DDA4D}.Ad-Hoc|iPhone.Deploy.0 = Release|Any CPU
		{93F114B2-F2E1-4253-BE03-195AC33DDA4D}.Ad-Hoc|iPhoneSimulator.ActiveCfg = Release|Any CPU
		{93F114B2-F2E1-4253-BE03-195AC33DDA4D}.Ad-Hoc|iPhoneSimulator.Build.0 = Release|Any CPU
		{93F114B2-F2E1-4253-BE03-195AC33DDA4D}.Ad-Hoc|iPhoneSimulator.Deploy.0 = Release|Any CPU
		{93F114B2-F2E1-4253-BE03-195AC33DDA4D}.Ad-Hoc|x64.ActiveCfg = Release|x64
		{93F114B2-F2E1-4253-BE03-195AC33DDA4D}.Ad-Hoc|x64.Build.0 = Release|x64
		{93F114B2-F2E1-4253-BE03-195AC33DDA4D}.Ad-Hoc|x64.Deploy.0 = Release|x64
		{93F114B2-F2E1-4253-BE03-195AC33DDA4D}.Ad-Hoc|x86.ActiveCfg = Release|x86
		{93F114B2-F2E1-4253-BE03-195AC33DDA4D}.Ad-Hoc|x86.Build.0 = Release|x86
		{93F114B2-F2E1-4253-BE03-195AC33DDA4D}.Ad-Hoc|x86.Deploy.0 = Release|x86
		{93F114B2-F2E1-4253-BE03-195AC33DDA4D}.AppStore|Any CPU.ActiveCfg = Release|Any CPU
		{93F114B2-F2E1-4253-BE03-195AC33DDA4D}.AppStore|Any CPU.Build.0 = Release|Any CPU
		{93F114B2-F2E1-4253-BE03-195AC33DDA4D}.AppStore|Any CPU.Deploy.0 = Release|Any CPU
		{93F114B2-F2E1-4253-BE03-195AC33DDA4D}.AppStore|ARM.ActiveCfg = Release|ARM
		{93F114B2-F2E1-4253-BE03-195AC33DDA4D}.AppStore|ARM.Build.0 = Release|ARM
		{93F114B2-F2E1-4253-BE03-195AC33DDA4D}.AppStore|ARM.Deploy.0 = Release|ARM
		{93F114B2-F2E1-4253-BE03-195AC33DDA4D}.AppStore|iPhone.ActiveCfg = Release|Any CPU
		{93F114B2-F2E1-4253-BE03-195AC33DDA4D}.AppStore|iPhone.Build.0 = Release|Any CPU
		{93F114B2-F2E1-4253-BE03-195AC33DDA4D}.AppStore|iPhone.Deploy.0 = Release|Any CPU
		{93F114B2-F2E1-4253-BE03-195AC33DDA4D}.AppStore|iPhoneSimulator.ActiveCfg = Release|Any CPU
		{93F114B2-F2E1-4253-BE03-195AC33DDA4D}.AppStore|iPhoneSimulator.Build.0 = Release|Any CPU
		{93F114B2-F2E1-4253-BE03-195AC33DDA4D}.AppStore|iPhoneSimulator.Deploy.0 = Release|Any CPU
		{93F114B2-F2E1-4253-BE03-195AC33DDA4D}.AppStore|x64.ActiveCfg = Release|x64
		{93F114B2-F2E1-4253-BE03-195AC33DDA4D}.AppStore|x64.Build.0 = Release|x64
		{93F114B2-F2E1-4253-BE03-195AC33DDA4D}.AppStore|x64.Deploy.0 = Release|x64
		{93F114B2-F2E1-4253-BE03-195AC33DDA4D}.AppStore|x86.ActiveCfg = Release|x86
		{93F114B2-F2E1-4253-BE03-195AC33DDA4D}.AppStore|x86.Build.0 = Release|x86
		{93F114B2-F2E1-4253-BE03-195AC33DDA4D}.AppStore|x86.Deploy.0 = Release|x86
		{93F114B2-F2E1-4253-BE03-195AC33DDA4D}.Debug|Any CPU.ActiveCfg = Debug|Any CPU
		{93F114B2-F2E1-4253-BE03-195AC33DDA4D}.Debug|Any CPU.Build.0 = Debug|Any CPU
		{93F114B2-F2E1-4253-BE03-195AC33DDA4D}.Debug|Any CPU.Deploy.0 = Debug|Any CPU
		{93F114B2-F2E1-4253-BE03-195AC33DDA4D}.Debug|ARM.ActiveCfg = Debug|ARM
		{93F114B2-F2E1-4253-BE03-195AC33DDA4D}.Debug|ARM.Build.0 = Debug|ARM
		{93F114B2-F2E1-4253-BE03-195AC33DDA4D}.Debug|ARM.Deploy.0 = Debug|ARM
		{93F114B2-F2E1-4253-BE03-195AC33DDA4D}.Debug|iPhone.ActiveCfg = Debug|Any CPU
		{93F114B2-F2E1-4253-BE03-195AC33DDA4D}.Debug|iPhone.Build.0 = Debug|Any CPU
		{93F114B2-F2E1-4253-BE03-195AC33DDA4D}.Debug|iPhone.Deploy.0 = Debug|Any CPU
		{93F114B2-F2E1-4253-BE03-195AC33DDA4D}.Debug|iPhoneSimulator.ActiveCfg = Debug|Any CPU
		{93F114B2-F2E1-4253-BE03-195AC33DDA4D}.Debug|iPhoneSimulator.Build.0 = Debug|Any CPU
		{93F114B2-F2E1-4253-BE03-195AC33DDA4D}.Debug|iPhoneSimulator.Deploy.0 = Debug|Any CPU
		{93F114B2-F2E1-4253-BE03-195AC33DDA4D}.Debug|x64.ActiveCfg = Debug|x64
		{93F114B2-F2E1-4253-BE03-195AC33DDA4D}.Debug|x64.Build.0 = Debug|x64
		{93F114B2-F2E1-4253-BE03-195AC33DDA4D}.Debug|x64.Deploy.0 = Debug|x64
		{93F114B2-F2E1-4253-BE03-195AC33DDA4D}.Debug|x86.ActiveCfg = Debug|x86
		{93F114B2-F2E1-4253-BE03-195AC33DDA4D}.Debug|x86.Build.0 = Debug|x86
		{93F114B2-F2E1-4253-BE03-195AC33DDA4D}.Debug|x86.Deploy.0 = Debug|x86
		{93F114B2-F2E1-4253-BE03-195AC33DDA4D}.Release|Any CPU.ActiveCfg = Release|Any CPU
		{93F114B2-F2E1-4253-BE03-195AC33DDA4D}.Release|Any CPU.Build.0 = Release|Any CPU
		{93F114B2-F2E1-4253-BE03-195AC33DDA4D}.Release|Any CPU.Deploy.0 = Release|Any CPU
		{93F114B2-F2E1-4253-BE03-195AC33DDA4D}.Release|ARM.ActiveCfg = Release|ARM
		{93F114B2-F2E1-4253-BE03-195AC33DDA4D}.Release|ARM.Build.0 = Release|ARM
		{93F114B2-F2E1-4253-BE03-195AC33DDA4D}.Release|ARM.Deploy.0 = Release|ARM
		{93F114B2-F2E1-4253-BE03-195AC33DDA4D}.Release|iPhone.ActiveCfg = Release|Any CPU
		{93F114B2-F2E1-4253-BE03-195AC33DDA4D}.Release|iPhone.Build.0 = Release|Any CPU
		{93F114B2-F2E1-4253-BE03-195AC33DDA4D}.Release|iPhone.Deploy.0 = Release|Any CPU
		{93F114B2-F2E1-4253-BE03-195AC33DDA4D}.Release|iPhoneSimulator.ActiveCfg = Release|Any CPU
		{93F114B2-F2E1-4253-BE03-195AC33DDA4D}.Release|iPhoneSimulator.Build.0 = Release|Any CPU
		{93F114B2-F2E1-4253-BE03-195AC33DDA4D}.Release|iPhoneSimulator.Deploy.0 = Release|Any CPU
		{93F114B2-F2E1-4253-BE03-195AC33DDA4D}.Release|x64.ActiveCfg = Release|x64
		{93F114B2-F2E1-4253-BE03-195AC33DDA4D}.Release|x64.Build.0 = Release|x64
		{93F114B2-F2E1-4253-BE03-195AC33DDA4D}.Release|x64.Deploy.0 = Release|x64
		{93F114B2-F2E1-4253-BE03-195AC33DDA4D}.Release|x86.ActiveCfg = Release|x86
		{93F114B2-F2E1-4253-BE03-195AC33DDA4D}.Release|x86.Build.0 = Release|x86
		{93F114B2-F2E1-4253-BE03-195AC33DDA4D}.Release|x86.Deploy.0 = Release|x86
		{079D7AE2-B182-4DE0-8A4A-2735D6B7A832}.Ad-Hoc|Any CPU.ActiveCfg = Release|Any CPU
		{079D7AE2-B182-4DE0-8A4A-2735D6B7A832}.Ad-Hoc|Any CPU.Build.0 = Release|Any CPU
		{079D7AE2-B182-4DE0-8A4A-2735D6B7A832}.Ad-Hoc|ARM.ActiveCfg = Release|Any CPU
		{079D7AE2-B182-4DE0-8A4A-2735D6B7A832}.Ad-Hoc|ARM.Build.0 = Release|Any CPU
		{079D7AE2-B182-4DE0-8A4A-2735D6B7A832}.Ad-Hoc|iPhone.ActiveCfg = Release|Any CPU
		{079D7AE2-B182-4DE0-8A4A-2735D6B7A832}.Ad-Hoc|iPhone.Build.0 = Release|Any CPU
		{079D7AE2-B182-4DE0-8A4A-2735D6B7A832}.Ad-Hoc|iPhoneSimulator.ActiveCfg = Release|Any CPU
		{079D7AE2-B182-4DE0-8A4A-2735D6B7A832}.Ad-Hoc|iPhoneSimulator.Build.0 = Release|Any CPU
		{079D7AE2-B182-4DE0-8A4A-2735D6B7A832}.Ad-Hoc|x64.ActiveCfg = Release|Any CPU
		{079D7AE2-B182-4DE0-8A4A-2735D6B7A832}.Ad-Hoc|x64.Build.0 = Release|Any CPU
		{079D7AE2-B182-4DE0-8A4A-2735D6B7A832}.Ad-Hoc|x86.ActiveCfg = Release|Any CPU
		{079D7AE2-B182-4DE0-8A4A-2735D6B7A832}.Ad-Hoc|x86.Build.0 = Release|Any CPU
		{079D7AE2-B182-4DE0-8A4A-2735D6B7A832}.AppStore|Any CPU.ActiveCfg = Release|Any CPU
		{079D7AE2-B182-4DE0-8A4A-2735D6B7A832}.AppStore|Any CPU.Build.0 = Release|Any CPU
		{079D7AE2-B182-4DE0-8A4A-2735D6B7A832}.AppStore|ARM.ActiveCfg = Release|Any CPU
		{079D7AE2-B182-4DE0-8A4A-2735D6B7A832}.AppStore|ARM.Build.0 = Release|Any CPU
		{079D7AE2-B182-4DE0-8A4A-2735D6B7A832}.AppStore|iPhone.ActiveCfg = Release|Any CPU
		{079D7AE2-B182-4DE0-8A4A-2735D6B7A832}.AppStore|iPhone.Build.0 = Release|Any CPU
		{079D7AE2-B182-4DE0-8A4A-2735D6B7A832}.AppStore|iPhoneSimulator.ActiveCfg = Release|Any CPU
		{079D7AE2-B182-4DE0-8A4A-2735D6B7A832}.AppStore|iPhoneSimulator.Build.0 = Release|Any CPU
		{079D7AE2-B182-4DE0-8A4A-2735D6B7A832}.AppStore|x64.ActiveCfg = Release|Any CPU
		{079D7AE2-B182-4DE0-8A4A-2735D6B7A832}.AppStore|x64.Build.0 = Release|Any CPU
		{079D7AE2-B182-4DE0-8A4A-2735D6B7A832}.AppStore|x86.ActiveCfg = Release|Any CPU
		{079D7AE2-B182-4DE0-8A4A-2735D6B7A832}.AppStore|x86.Build.0 = Release|Any CPU
		{079D7AE2-B182-4DE0-8A4A-2735D6B7A832}.Debug|Any CPU.ActiveCfg = Debug|Any CPU
		{079D7AE2-B182-4DE0-8A4A-2735D6B7A832}.Debug|Any CPU.Build.0 = Debug|Any CPU
		{079D7AE2-B182-4DE0-8A4A-2735D6B7A832}.Debug|ARM.ActiveCfg = Debug|Any CPU
		{079D7AE2-B182-4DE0-8A4A-2735D6B7A832}.Debug|ARM.Build.0 = Debug|Any CPU
		{079D7AE2-B182-4DE0-8A4A-2735D6B7A832}.Debug|iPhone.ActiveCfg = Debug|Any CPU
		{079D7AE2-B182-4DE0-8A4A-2735D6B7A832}.Debug|iPhone.Build.0 = Debug|Any CPU
		{079D7AE2-B182-4DE0-8A4A-2735D6B7A832}.Debug|iPhoneSimulator.ActiveCfg = Debug|Any CPU
		{079D7AE2-B182-4DE0-8A4A-2735D6B7A832}.Debug|iPhoneSimulator.Build.0 = Debug|Any CPU
		{079D7AE2-B182-4DE0-8A4A-2735D6B7A832}.Debug|x64.ActiveCfg = Debug|Any CPU
		{079D7AE2-B182-4DE0-8A4A-2735D6B7A832}.Debug|x64.Build.0 = Debug|Any CPU
		{079D7AE2-B182-4DE0-8A4A-2735D6B7A832}.Debug|x86.ActiveCfg = Debug|Any CPU
		{079D7AE2-B182-4DE0-8A4A-2735D6B7A832}.Debug|x86.Build.0 = Debug|Any CPU
		{079D7AE2-B182-4DE0-8A4A-2735D6B7A832}.Release|Any CPU.ActiveCfg = Release|Any CPU
		{079D7AE2-B182-4DE0-8A4A-2735D6B7A832}.Release|Any CPU.Build.0 = Release|Any CPU
		{079D7AE2-B182-4DE0-8A4A-2735D6B7A832}.Release|ARM.ActiveCfg = Release|Any CPU
		{079D7AE2-B182-4DE0-8A4A-2735D6B7A832}.Release|ARM.Build.0 = Release|Any CPU
		{079D7AE2-B182-4DE0-8A4A-2735D6B7A832}.Release|iPhone.ActiveCfg = Release|Any CPU
		{079D7AE2-B182-4DE0-8A4A-2735D6B7A832}.Release|iPhone.Build.0 = Release|Any CPU
		{079D7AE2-B182-4DE0-8A4A-2735D6B7A832}.Release|iPhoneSimulator.ActiveCfg = Release|Any CPU
		{079D7AE2-B182-4DE0-8A4A-2735D6B7A832}.Release|iPhoneSimulator.Build.0 = Release|Any CPU
		{079D7AE2-B182-4DE0-8A4A-2735D6B7A832}.Release|x64.ActiveCfg = Release|Any CPU
		{079D7AE2-B182-4DE0-8A4A-2735D6B7A832}.Release|x64.Build.0 = Release|Any CPU
		{079D7AE2-B182-4DE0-8A4A-2735D6B7A832}.Release|x86.ActiveCfg = Release|Any CPU
		{079D7AE2-B182-4DE0-8A4A-2735D6B7A832}.Release|x86.Build.0 = Release|Any CPU
		{60FC7807-91D8-4384-9F1C-5B581C44FEF0}.Ad-Hoc|Any CPU.ActiveCfg = Release|Any CPU
		{60FC7807-91D8-4384-9F1C-5B581C44FEF0}.Ad-Hoc|Any CPU.Build.0 = Release|Any CPU
		{60FC7807-91D8-4384-9F1C-5B581C44FEF0}.Ad-Hoc|ARM.ActiveCfg = Release|Any CPU
		{60FC7807-91D8-4384-9F1C-5B581C44FEF0}.Ad-Hoc|ARM.Build.0 = Release|Any CPU
		{60FC7807-91D8-4384-9F1C-5B581C44FEF0}.Ad-Hoc|iPhone.ActiveCfg = Release|Any CPU
		{60FC7807-91D8-4384-9F1C-5B581C44FEF0}.Ad-Hoc|iPhone.Build.0 = Release|Any CPU
		{60FC7807-91D8-4384-9F1C-5B581C44FEF0}.Ad-Hoc|iPhoneSimulator.ActiveCfg = Release|Any CPU
		{60FC7807-91D8-4384-9F1C-5B581C44FEF0}.Ad-Hoc|iPhoneSimulator.Build.0 = Release|Any CPU
		{60FC7807-91D8-4384-9F1C-5B581C44FEF0}.Ad-Hoc|x64.ActiveCfg = Release|Any CPU
		{60FC7807-91D8-4384-9F1C-5B581C44FEF0}.Ad-Hoc|x64.Build.0 = Release|Any CPU
		{60FC7807-91D8-4384-9F1C-5B581C44FEF0}.Ad-Hoc|x86.ActiveCfg = Release|Any CPU
		{60FC7807-91D8-4384-9F1C-5B581C44FEF0}.Ad-Hoc|x86.Build.0 = Release|Any CPU
		{60FC7807-91D8-4384-9F1C-5B581C44FEF0}.AppStore|Any CPU.ActiveCfg = Release|Any CPU
		{60FC7807-91D8-4384-9F1C-5B581C44FEF0}.AppStore|Any CPU.Build.0 = Release|Any CPU
		{60FC7807-91D8-4384-9F1C-5B581C44FEF0}.AppStore|ARM.ActiveCfg = Release|Any CPU
		{60FC7807-91D8-4384-9F1C-5B581C44FEF0}.AppStore|ARM.Build.0 = Release|Any CPU
		{60FC7807-91D8-4384-9F1C-5B581C44FEF0}.AppStore|iPhone.ActiveCfg = Release|Any CPU
		{60FC7807-91D8-4384-9F1C-5B581C44FEF0}.AppStore|iPhone.Build.0 = Release|Any CPU
		{60FC7807-91D8-4384-9F1C-5B581C44FEF0}.AppStore|iPhoneSimulator.ActiveCfg = Release|Any CPU
		{60FC7807-91D8-4384-9F1C-5B581C44FEF0}.AppStore|iPhoneSimulator.Build.0 = Release|Any CPU
		{60FC7807-91D8-4384-9F1C-5B581C44FEF0}.AppStore|x64.ActiveCfg = Release|Any CPU
		{60FC7807-91D8-4384-9F1C-5B581C44FEF0}.AppStore|x64.Build.0 = Release|Any CPU
		{60FC7807-91D8-4384-9F1C-5B581C44FEF0}.AppStore|x86.ActiveCfg = Release|Any CPU
		{60FC7807-91D8-4384-9F1C-5B581C44FEF0}.AppStore|x86.Build.0 = Release|Any CPU
		{60FC7807-91D8-4384-9F1C-5B581C44FEF0}.Debug|Any CPU.ActiveCfg = Debug|Any CPU
		{60FC7807-91D8-4384-9F1C-5B581C44FEF0}.Debug|Any CPU.Build.0 = Debug|Any CPU
		{60FC7807-91D8-4384-9F1C-5B581C44FEF0}.Debug|ARM.ActiveCfg = Debug|Any CPU
		{60FC7807-91D8-4384-9F1C-5B581C44FEF0}.Debug|ARM.Build.0 = Debug|Any CPU
		{60FC7807-91D8-4384-9F1C-5B581C44FEF0}.Debug|iPhone.ActiveCfg = Debug|Any CPU
		{60FC7807-91D8-4384-9F1C-5B581C44FEF0}.Debug|iPhone.Build.0 = Debug|Any CPU
		{60FC7807-91D8-4384-9F1C-5B581C44FEF0}.Debug|iPhoneSimulator.ActiveCfg = Debug|Any CPU
		{60FC7807-91D8-4384-9F1C-5B581C44FEF0}.Debug|iPhoneSimulator.Build.0 = Debug|Any CPU
		{60FC7807-91D8-4384-9F1C-5B581C44FEF0}.Debug|x64.ActiveCfg = Debug|Any CPU
		{60FC7807-91D8-4384-9F1C-5B581C44FEF0}.Debug|x64.Build.0 = Debug|Any CPU
		{60FC7807-91D8-4384-9F1C-5B581C44FEF0}.Debug|x86.ActiveCfg = Debug|Any CPU
		{60FC7807-91D8-4384-9F1C-5B581C44FEF0}.Debug|x86.Build.0 = Debug|Any CPU
		{60FC7807-91D8-4384-9F1C-5B581C44FEF0}.Release|Any CPU.ActiveCfg = Release|Any CPU
		{60FC7807-91D8-4384-9F1C-5B581C44FEF0}.Release|Any CPU.Build.0 = Release|Any CPU
		{60FC7807-91D8-4384-9F1C-5B581C44FEF0}.Release|ARM.ActiveCfg = Release|Any CPU
		{60FC7807-91D8-4384-9F1C-5B581C44FEF0}.Release|ARM.Build.0 = Release|Any CPU
		{60FC7807-91D8-4384-9F1C-5B581C44FEF0}.Release|iPhone.ActiveCfg = Release|Any CPU
		{60FC7807-91D8-4384-9F1C-5B581C44FEF0}.Release|iPhone.Build.0 = Release|Any CPU
		{60FC7807-91D8-4384-9F1C-5B581C44FEF0}.Release|iPhoneSimulator.ActiveCfg = Release|Any CPU
		{60FC7807-91D8-4384-9F1C-5B581C44FEF0}.Release|iPhoneSimulator.Build.0 = Release|Any CPU
		{60FC7807-91D8-4384-9F1C-5B581C44FEF0}.Release|x64.ActiveCfg = Release|Any CPU
		{60FC7807-91D8-4384-9F1C-5B581C44FEF0}.Release|x64.Build.0 = Release|Any CPU
		{60FC7807-91D8-4384-9F1C-5B581C44FEF0}.Release|x86.ActiveCfg = Release|Any CPU
		{60FC7807-91D8-4384-9F1C-5B581C44FEF0}.Release|x86.Build.0 = Release|Any CPU
	EndGlobalSection
	GlobalSection(SolutionProperties) = preSolution
		HideSolutionNode = FALSE
	EndGlobalSection
EndGlobal
